
Microsoft Visual Studio Solution File, Format Version 12.00
# Visual Studio 14
VisualStudioVersion = 14.0.23107.0
MinimumVisualStudioVersion = 10.0.40219.1
Project("{FAE04EC0-301F-11D3-BF4B-00C04F79EFBC}") = "ApiDetection", "ApiDetection\ApiDetection.csproj", "{6F4D7801-B4F5-4BB5-8B6D-57B7F154858A}"
EndProject
Project("{FAE04EC0-301F-11D3-BF4B-00C04F79EFBC}") = "AdaptiveTriggers", "AdaptiveTriggers\AdaptiveTriggers.csproj", "{2F27DC34-FEC1-4C8B-977F-3C72BDFC082E}"
EndProject
Project("{FAE04EC0-301F-11D3-BF4B-00C04F79EFBC}") = "RelativePanelSample", "RelativePanelSample\RelativePanelSample.csproj", "{B2471D28-B765-40BA-A1CD-219E84811A33}"
EndProject
Project("{FAE04EC0-301F-11D3-BF4B-00C04F79EFBC}") = "DifferentPages", "DifferentPages\DifferentPages.csproj", "{DC2C1A21-B1AE-441E-B4E6-1111B5834A39}"
EndProject
Project("{FAE04EC0-301F-11D3-BF4B-00C04F79EFBC}") = "NewBindingSample", "NewBindingSample\NewBindingSample.csproj", "{6DE8615A-7B43-442C-BEC1-EA69851B5FAD}"
EndProject
Project("{FAE04EC0-301F-11D3-BF4B-00C04F79EFBC}") = "AdaptiveTiles", "AdaptiveTiles\AdaptiveTiles.csproj", "{0965F5FA-1F2D-46C8-97F0-2C31D453AC3C}"
EndProject
Project("{FAE04EC0-301F-11D3-BF4B-00C04F79EFBC}") = "ExtendedExecution", "ExtendedExecution\ExtendedExecution.csproj", "{8BC3B172-8BC9-4BA0-A89F-A32284257E2E}"
EndProject
Project("{2150E333-8FDC-42A3-9474-1A3956D46DE8}") = "BackgroundTask", "BackgroundTask", "{E3DA61D3-55DD-4595-84B3-9397439362AA}"
EndProject
Project("{FAE04EC0-301F-11D3-BF4B-00C04F79EFBC}") = "TheMainApp", "BackgroundTask\TheMainApp\TheMainApp.csproj", "{B4611309-7476-4410-B6A5-75D9631458D6}"
EndProject
Project("{FAE04EC0-301F-11D3-BF4B-00C04F79EFBC}") = "TheBackgroundTask", "BackgroundTask\TheBackgroundTask\TheBackgroundTask.csproj", "{6ECBB6AD-D59C-4578-894B-F2DC466E627A}"
EndProject
Project("{2150E333-8FDC-42A3-9474-1A3956D46DE8}") = "App2App", "App2App", "{E3192FD4-7EAC-40C4-8B8C-0108BA15F419}"
EndProject
Project("{FAE04EC0-301F-11D3-BF4B-00C04F79EFBC}") = "Sender", "App2App\Sender\Sender.csproj", "{9B3162B5-572E-4A85-BFE7-1CFE0D35F433}"
EndProject
Project("{FAE04EC0-301F-11D3-BF4B-00C04F79EFBC}") = "FirstReceiver", "App2App\FirstReceiver\FirstReceiver.csproj", "{95168CBC-9976-4C88-A4EF-2B9412B5B7FB}"
EndProject
Project("{FAE04EC0-301F-11D3-BF4B-00C04F79EFBC}") = "SecondReceiver", "App2App\SecondReceiver\SecondReceiver.csproj", "{793AE9E9-4919-4E2C-8EDE-891BF51B9342}"
EndProject
Project("{FAE04EC0-301F-11D3-BF4B-00C04F79EFBC}") = "ReceiverWithResults", "App2App\ReceiverWithOptions\ReceiverWithResults.csproj", "{A6791A03-0D76-4AED-B8D4-92F06786DC1E}"
EndProject
Project("{FAE04EC0-301F-11D3-BF4B-00C04F79EFBC}") = "FileReceiver", "App2App\FileReceiver\FileReceiver.csproj", "{79D55D2F-E99E-41C0-B5FF-718286C5D684}"
EndProject
Project("{FAE04EC0-301F-11D3-BF4B-00C04F79EFBC}") = "SumAppService", "App2App\SumAppService\SumAppService.csproj", "{42E3347D-F3AB-4ED4-BADF-DC1EF7024535}"
EndProject
Project("{2150E333-8FDC-42A3-9474-1A3956D46DE8}") = "Notifications", "Notifications", "{EFDE1701-1763-4E0C-93F0-8BE68880E713}"
EndProject
Project("{FAE04EC0-301F-11D3-BF4B-00C04F79EFBC}") = "Toasts", "Toasts\Toasts.csproj", "{709E95F1-DF1C-4B03-BA33-1CDE3F4A631A}"
EndProject
Project("{FAE04EC0-301F-11D3-BF4B-00C04F79EFBC}") = "ToastsTask", "ToastsTask\ToastsTask.csproj", "{1A2E53FA-FEFD-4E5B-B9D1-1D0603D9F55F}"
EndProject
Project("{2150E333-8FDC-42A3-9474-1A3956D46DE8}") = "Notification Hub", "Notification Hub", "{60D9A3B4-1D9E-4FA8-A423-1C3EF81F7CA6}"
EndProject
Project("{FAE04EC0-301F-11D3-BF4B-00C04F79EFBC}") = "NotificationHubSample.Client", "NotificationHub\NotificationHubSample.Client\NotificationHubSample.Client.csproj", "{C4D9B977-23FD-458E-9A8E-29B1CB468446}"
EndProject
Project("{FAE04EC0-301F-11D3-BF4B-00C04F79EFBC}") = "NotificationHubSample.Server", "NotificationHub\NotificationHubSample.Server\NotificationHubSample.Server.csproj", "{A3B37169-E12A-4E16-BC2B-D1C69CB76059}"
EndProject
Global
	GlobalSection(SolutionConfigurationPlatforms) = preSolution
		Debug|Any CPU = Debug|Any CPU
		Debug|ARM = Debug|ARM
		Debug|x64 = Debug|x64
		Debug|x86 = Debug|x86
		Release|Any CPU = Release|Any CPU
		Release|ARM = Release|ARM
		Release|x64 = Release|x64
		Release|x86 = Release|x86
	EndGlobalSection
	GlobalSection(ProjectConfigurationPlatforms) = postSolution
		{6F4D7801-B4F5-4BB5-8B6D-57B7F154858A}.Debug|Any CPU.ActiveCfg = Debug|x86
		{6F4D7801-B4F5-4BB5-8B6D-57B7F154858A}.Debug|ARM.ActiveCfg = Debug|ARM
		{6F4D7801-B4F5-4BB5-8B6D-57B7F154858A}.Debug|ARM.Build.0 = Debug|ARM
		{6F4D7801-B4F5-4BB5-8B6D-57B7F154858A}.Debug|ARM.Deploy.0 = Debug|ARM
		{6F4D7801-B4F5-4BB5-8B6D-57B7F154858A}.Debug|x64.ActiveCfg = Debug|x64
		{6F4D7801-B4F5-4BB5-8B6D-57B7F154858A}.Debug|x64.Build.0 = Debug|x64
		{6F4D7801-B4F5-4BB5-8B6D-57B7F154858A}.Debug|x64.Deploy.0 = Debug|x64
		{6F4D7801-B4F5-4BB5-8B6D-57B7F154858A}.Debug|x86.ActiveCfg = Debug|x86
		{6F4D7801-B4F5-4BB5-8B6D-57B7F154858A}.Debug|x86.Build.0 = Debug|x86
		{6F4D7801-B4F5-4BB5-8B6D-57B7F154858A}.Debug|x86.Deploy.0 = Debug|x86
		{6F4D7801-B4F5-4BB5-8B6D-57B7F154858A}.Release|Any CPU.ActiveCfg = Release|x86
		{6F4D7801-B4F5-4BB5-8B6D-57B7F154858A}.Release|ARM.ActiveCfg = Release|ARM
		{6F4D7801-B4F5-4BB5-8B6D-57B7F154858A}.Release|ARM.Build.0 = Release|ARM
		{6F4D7801-B4F5-4BB5-8B6D-57B7F154858A}.Release|ARM.Deploy.0 = Release|ARM
		{6F4D7801-B4F5-4BB5-8B6D-57B7F154858A}.Release|x64.ActiveCfg = Release|x64
		{6F4D7801-B4F5-4BB5-8B6D-57B7F154858A}.Release|x64.Build.0 = Release|x64
		{6F4D7801-B4F5-4BB5-8B6D-57B7F154858A}.Release|x64.Deploy.0 = Release|x64
		{6F4D7801-B4F5-4BB5-8B6D-57B7F154858A}.Release|x86.ActiveCfg = Release|x86
		{6F4D7801-B4F5-4BB5-8B6D-57B7F154858A}.Release|x86.Build.0 = Release|x86
		{2F27DC34-FEC1-4C8B-977F-3C72BDFC082E}.Debug|Any CPU.ActiveCfg = Debug|x86
		{2F27DC34-FEC1-4C8B-977F-3C72BDFC082E}.Debug|ARM.ActiveCfg = Debug|ARM
		{2F27DC34-FEC1-4C8B-977F-3C72BDFC082E}.Debug|ARM.Build.0 = Debug|ARM
		{2F27DC34-FEC1-4C8B-977F-3C72BDFC082E}.Debug|ARM.Deploy.0 = Debug|ARM
		{2F27DC34-FEC1-4C8B-977F-3C72BDFC082E}.Debug|x64.ActiveCfg = Debug|x64
		{2F27DC34-FEC1-4C8B-977F-3C72BDFC082E}.Debug|x64.Build.0 = Debug|x64
		{2F27DC34-FEC1-4C8B-977F-3C72BDFC082E}.Debug|x64.Deploy.0 = Debug|x64
		{2F27DC34-FEC1-4C8B-977F-3C72BDFC082E}.Debug|x86.ActiveCfg = Debug|x86
		{2F27DC34-FEC1-4C8B-977F-3C72BDFC082E}.Debug|x86.Build.0 = Debug|x86
		{2F27DC34-FEC1-4C8B-977F-3C72BDFC082E}.Debug|x86.Deploy.0 = Debug|x86
		{2F27DC34-FEC1-4C8B-977F-3C72BDFC082E}.Release|Any CPU.ActiveCfg = Release|x86
		{2F27DC34-FEC1-4C8B-977F-3C72BDFC082E}.Release|ARM.ActiveCfg = Release|ARM
		{2F27DC34-FEC1-4C8B-977F-3C72BDFC082E}.Release|ARM.Build.0 = Release|ARM
		{2F27DC34-FEC1-4C8B-977F-3C72BDFC082E}.Release|ARM.Deploy.0 = Release|ARM
		{2F27DC34-FEC1-4C8B-977F-3C72BDFC082E}.Release|x64.ActiveCfg = Release|x64
		{2F27DC34-FEC1-4C8B-977F-3C72BDFC082E}.Release|x64.Build.0 = Release|x64
		{2F27DC34-FEC1-4C8B-977F-3C72BDFC082E}.Release|x64.Deploy.0 = Release|x64
		{2F27DC34-FEC1-4C8B-977F-3C72BDFC082E}.Release|x86.ActiveCfg = Release|x86
		{2F27DC34-FEC1-4C8B-977F-3C72BDFC082E}.Release|x86.Build.0 = Release|x86
		{2F27DC34-FEC1-4C8B-977F-3C72BDFC082E}.Release|x86.Deploy.0 = Release|x86
		{B2471D28-B765-40BA-A1CD-219E84811A33}.Debug|Any CPU.ActiveCfg = Debug|x86
		{B2471D28-B765-40BA-A1CD-219E84811A33}.Debug|ARM.ActiveCfg = Debug|ARM
		{B2471D28-B765-40BA-A1CD-219E84811A33}.Debug|ARM.Build.0 = Debug|ARM
		{B2471D28-B765-40BA-A1CD-219E84811A33}.Debug|ARM.Deploy.0 = Debug|ARM
		{B2471D28-B765-40BA-A1CD-219E84811A33}.Debug|x64.ActiveCfg = Debug|x64
		{B2471D28-B765-40BA-A1CD-219E84811A33}.Debug|x64.Build.0 = Debug|x64
		{B2471D28-B765-40BA-A1CD-219E84811A33}.Debug|x64.Deploy.0 = Debug|x64
		{B2471D28-B765-40BA-A1CD-219E84811A33}.Debug|x86.ActiveCfg = Debug|x86
		{B2471D28-B765-40BA-A1CD-219E84811A33}.Debug|x86.Build.0 = Debug|x86
		{B2471D28-B765-40BA-A1CD-219E84811A33}.Debug|x86.Deploy.0 = Debug|x86
		{B2471D28-B765-40BA-A1CD-219E84811A33}.Release|Any CPU.ActiveCfg = Release|x86
		{B2471D28-B765-40BA-A1CD-219E84811A33}.Release|ARM.ActiveCfg = Release|ARM
		{B2471D28-B765-40BA-A1CD-219E84811A33}.Release|ARM.Build.0 = Release|ARM
		{B2471D28-B765-40BA-A1CD-219E84811A33}.Release|ARM.Deploy.0 = Release|ARM
		{B2471D28-B765-40BA-A1CD-219E84811A33}.Release|x64.ActiveCfg = Release|x64
		{B2471D28-B765-40BA-A1CD-219E84811A33}.Release|x64.Build.0 = Release|x64
		{B2471D28-B765-40BA-A1CD-219E84811A33}.Release|x64.Deploy.0 = Release|x64
		{B2471D28-B765-40BA-A1CD-219E84811A33}.Release|x86.ActiveCfg = Release|x86
		{B2471D28-B765-40BA-A1CD-219E84811A33}.Release|x86.Build.0 = Release|x86
		{B2471D28-B765-40BA-A1CD-219E84811A33}.Release|x86.Deploy.0 = Release|x86
		{DC2C1A21-B1AE-441E-B4E6-1111B5834A39}.Debug|Any CPU.ActiveCfg = Debug|x86
		{DC2C1A21-B1AE-441E-B4E6-1111B5834A39}.Debug|ARM.ActiveCfg = Debug|ARM
		{DC2C1A21-B1AE-441E-B4E6-1111B5834A39}.Debug|ARM.Build.0 = Debug|ARM
		{DC2C1A21-B1AE-441E-B4E6-1111B5834A39}.Debug|ARM.Deploy.0 = Debug|ARM
		{DC2C1A21-B1AE-441E-B4E6-1111B5834A39}.Debug|x64.ActiveCfg = Debug|x64
		{DC2C1A21-B1AE-441E-B4E6-1111B5834A39}.Debug|x64.Build.0 = Debug|x64
		{DC2C1A21-B1AE-441E-B4E6-1111B5834A39}.Debug|x64.Deploy.0 = Debug|x64
		{DC2C1A21-B1AE-441E-B4E6-1111B5834A39}.Debug|x86.ActiveCfg = Debug|x86
		{DC2C1A21-B1AE-441E-B4E6-1111B5834A39}.Debug|x86.Build.0 = Debug|x86
		{DC2C1A21-B1AE-441E-B4E6-1111B5834A39}.Debug|x86.Deploy.0 = Debug|x86
		{DC2C1A21-B1AE-441E-B4E6-1111B5834A39}.Release|Any CPU.ActiveCfg = Release|x86
		{DC2C1A21-B1AE-441E-B4E6-1111B5834A39}.Release|ARM.ActiveCfg = Release|ARM
		{DC2C1A21-B1AE-441E-B4E6-1111B5834A39}.Release|ARM.Build.0 = Release|ARM
		{DC2C1A21-B1AE-441E-B4E6-1111B5834A39}.Release|ARM.Deploy.0 = Release|ARM
		{DC2C1A21-B1AE-441E-B4E6-1111B5834A39}.Release|x64.ActiveCfg = Release|x64
		{DC2C1A21-B1AE-441E-B4E6-1111B5834A39}.Release|x64.Build.0 = Release|x64
		{DC2C1A21-B1AE-441E-B4E6-1111B5834A39}.Release|x64.Deploy.0 = Release|x64
		{DC2C1A21-B1AE-441E-B4E6-1111B5834A39}.Release|x86.ActiveCfg = Release|x86
		{DC2C1A21-B1AE-441E-B4E6-1111B5834A39}.Release|x86.Build.0 = Release|x86
		{DC2C1A21-B1AE-441E-B4E6-1111B5834A39}.Release|x86.Deploy.0 = Release|x86
		{6DE8615A-7B43-442C-BEC1-EA69851B5FAD}.Debug|Any CPU.ActiveCfg = Debug|x86
		{6DE8615A-7B43-442C-BEC1-EA69851B5FAD}.Debug|ARM.ActiveCfg = Debug|ARM
		{6DE8615A-7B43-442C-BEC1-EA69851B5FAD}.Debug|ARM.Build.0 = Debug|ARM
		{6DE8615A-7B43-442C-BEC1-EA69851B5FAD}.Debug|ARM.Deploy.0 = Debug|ARM
		{6DE8615A-7B43-442C-BEC1-EA69851B5FAD}.Debug|x64.ActiveCfg = Debug|x64
		{6DE8615A-7B43-442C-BEC1-EA69851B5FAD}.Debug|x64.Build.0 = Debug|x64
		{6DE8615A-7B43-442C-BEC1-EA69851B5FAD}.Debug|x64.Deploy.0 = Debug|x64
		{6DE8615A-7B43-442C-BEC1-EA69851B5FAD}.Debug|x86.ActiveCfg = Debug|x86
		{6DE8615A-7B43-442C-BEC1-EA69851B5FAD}.Debug|x86.Build.0 = Debug|x86
		{6DE8615A-7B43-442C-BEC1-EA69851B5FAD}.Debug|x86.Deploy.0 = Debug|x86
		{6DE8615A-7B43-442C-BEC1-EA69851B5FAD}.Release|Any CPU.ActiveCfg = Release|x86
		{6DE8615A-7B43-442C-BEC1-EA69851B5FAD}.Release|ARM.ActiveCfg = Release|ARM
		{6DE8615A-7B43-442C-BEC1-EA69851B5FAD}.Release|ARM.Build.0 = Release|ARM
		{6DE8615A-7B43-442C-BEC1-EA69851B5FAD}.Release|ARM.Deploy.0 = Release|ARM
		{6DE8615A-7B43-442C-BEC1-EA69851B5FAD}.Release|x64.ActiveCfg = Release|x64
		{6DE8615A-7B43-442C-BEC1-EA69851B5FAD}.Release|x64.Build.0 = Release|x64
		{6DE8615A-7B43-442C-BEC1-EA69851B5FAD}.Release|x64.Deploy.0 = Release|x64
		{6DE8615A-7B43-442C-BEC1-EA69851B5FAD}.Release|x86.ActiveCfg = Release|x86
		{6DE8615A-7B43-442C-BEC1-EA69851B5FAD}.Release|x86.Build.0 = Release|x86
		{6DE8615A-7B43-442C-BEC1-EA69851B5FAD}.Release|x86.Deploy.0 = Release|x86
		{0965F5FA-1F2D-46C8-97F0-2C31D453AC3C}.Debug|Any CPU.ActiveCfg = Debug|x86
		{0965F5FA-1F2D-46C8-97F0-2C31D453AC3C}.Debug|ARM.ActiveCfg = Debug|ARM
		{0965F5FA-1F2D-46C8-97F0-2C31D453AC3C}.Debug|ARM.Build.0 = Debug|ARM
		{0965F5FA-1F2D-46C8-97F0-2C31D453AC3C}.Debug|ARM.Deploy.0 = Debug|ARM
		{0965F5FA-1F2D-46C8-97F0-2C31D453AC3C}.Debug|x64.ActiveCfg = Debug|x64
		{0965F5FA-1F2D-46C8-97F0-2C31D453AC3C}.Debug|x64.Build.0 = Debug|x64
		{0965F5FA-1F2D-46C8-97F0-2C31D453AC3C}.Debug|x64.Deploy.0 = Debug|x64
		{0965F5FA-1F2D-46C8-97F0-2C31D453AC3C}.Debug|x86.ActiveCfg = Debug|x86
		{0965F5FA-1F2D-46C8-97F0-2C31D453AC3C}.Debug|x86.Build.0 = Debug|x86
		{0965F5FA-1F2D-46C8-97F0-2C31D453AC3C}.Debug|x86.Deploy.0 = Debug|x86
		{0965F5FA-1F2D-46C8-97F0-2C31D453AC3C}.Release|Any CPU.ActiveCfg = Release|x86
		{0965F5FA-1F2D-46C8-97F0-2C31D453AC3C}.Release|ARM.ActiveCfg = Release|ARM
		{0965F5FA-1F2D-46C8-97F0-2C31D453AC3C}.Release|ARM.Build.0 = Release|ARM
		{0965F5FA-1F2D-46C8-97F0-2C31D453AC3C}.Release|ARM.Deploy.0 = Release|ARM
		{0965F5FA-1F2D-46C8-97F0-2C31D453AC3C}.Release|x64.ActiveCfg = Release|x64
		{0965F5FA-1F2D-46C8-97F0-2C31D453AC3C}.Release|x64.Build.0 = Release|x64
		{0965F5FA-1F2D-46C8-97F0-2C31D453AC3C}.Release|x64.Deploy.0 = Release|x64
		{0965F5FA-1F2D-46C8-97F0-2C31D453AC3C}.Release|x86.ActiveCfg = Release|x86
		{0965F5FA-1F2D-46C8-97F0-2C31D453AC3C}.Release|x86.Build.0 = Release|x86
		{0965F5FA-1F2D-46C8-97F0-2C31D453AC3C}.Release|x86.Deploy.0 = Release|x86
		{8BC3B172-8BC9-4BA0-A89F-A32284257E2E}.Debug|Any CPU.ActiveCfg = Debug|x86
		{8BC3B172-8BC9-4BA0-A89F-A32284257E2E}.Debug|ARM.ActiveCfg = Debug|ARM
		{8BC3B172-8BC9-4BA0-A89F-A32284257E2E}.Debug|ARM.Build.0 = Debug|ARM
		{8BC3B172-8BC9-4BA0-A89F-A32284257E2E}.Debug|ARM.Deploy.0 = Debug|ARM
		{8BC3B172-8BC9-4BA0-A89F-A32284257E2E}.Debug|x64.ActiveCfg = Debug|x64
		{8BC3B172-8BC9-4BA0-A89F-A32284257E2E}.Debug|x64.Build.0 = Debug|x64
		{8BC3B172-8BC9-4BA0-A89F-A32284257E2E}.Debug|x64.Deploy.0 = Debug|x64
		{8BC3B172-8BC9-4BA0-A89F-A32284257E2E}.Debug|x86.ActiveCfg = Debug|x86
		{8BC3B172-8BC9-4BA0-A89F-A32284257E2E}.Debug|x86.Build.0 = Debug|x86
		{8BC3B172-8BC9-4BA0-A89F-A32284257E2E}.Debug|x86.Deploy.0 = Debug|x86
		{8BC3B172-8BC9-4BA0-A89F-A32284257E2E}.Release|Any CPU.ActiveCfg = Release|x86
		{8BC3B172-8BC9-4BA0-A89F-A32284257E2E}.Release|ARM.ActiveCfg = Release|ARM
		{8BC3B172-8BC9-4BA0-A89F-A32284257E2E}.Release|ARM.Build.0 = Release|ARM
		{8BC3B172-8BC9-4BA0-A89F-A32284257E2E}.Release|ARM.Deploy.0 = Release|ARM
		{8BC3B172-8BC9-4BA0-A89F-A32284257E2E}.Release|x64.ActiveCfg = Release|x64
		{8BC3B172-8BC9-4BA0-A89F-A32284257E2E}.Release|x64.Build.0 = Release|x64
		{8BC3B172-8BC9-4BA0-A89F-A32284257E2E}.Release|x64.Deploy.0 = Release|x64
		{8BC3B172-8BC9-4BA0-A89F-A32284257E2E}.Release|x86.ActiveCfg = Release|x86
		{8BC3B172-8BC9-4BA0-A89F-A32284257E2E}.Release|x86.Build.0 = Release|x86
		{8BC3B172-8BC9-4BA0-A89F-A32284257E2E}.Release|x86.Deploy.0 = Release|x86
		{B4611309-7476-4410-B6A5-75D9631458D6}.Debug|Any CPU.ActiveCfg = Debug|x86
		{B4611309-7476-4410-B6A5-75D9631458D6}.Debug|ARM.ActiveCfg = Debug|ARM
		{B4611309-7476-4410-B6A5-75D9631458D6}.Debug|ARM.Build.0 = Debug|ARM
		{B4611309-7476-4410-B6A5-75D9631458D6}.Debug|ARM.Deploy.0 = Debug|ARM
		{B4611309-7476-4410-B6A5-75D9631458D6}.Debug|x64.ActiveCfg = Debug|x64
		{B4611309-7476-4410-B6A5-75D9631458D6}.Debug|x64.Build.0 = Debug|x64
		{B4611309-7476-4410-B6A5-75D9631458D6}.Debug|x64.Deploy.0 = Debug|x64
		{B4611309-7476-4410-B6A5-75D9631458D6}.Debug|x86.ActiveCfg = Debug|x86
		{B4611309-7476-4410-B6A5-75D9631458D6}.Debug|x86.Build.0 = Debug|x86
		{B4611309-7476-4410-B6A5-75D9631458D6}.Debug|x86.Deploy.0 = Debug|x86
		{B4611309-7476-4410-B6A5-75D9631458D6}.Release|Any CPU.ActiveCfg = Release|x86
		{B4611309-7476-4410-B6A5-75D9631458D6}.Release|ARM.ActiveCfg = Release|ARM
		{B4611309-7476-4410-B6A5-75D9631458D6}.Release|ARM.Build.0 = Release|ARM
		{B4611309-7476-4410-B6A5-75D9631458D6}.Release|ARM.Deploy.0 = Release|ARM
		{B4611309-7476-4410-B6A5-75D9631458D6}.Release|x64.ActiveCfg = Release|x64
		{B4611309-7476-4410-B6A5-75D9631458D6}.Release|x64.Build.0 = Release|x64
		{B4611309-7476-4410-B6A5-75D9631458D6}.Release|x64.Deploy.0 = Release|x64
		{B4611309-7476-4410-B6A5-75D9631458D6}.Release|x86.ActiveCfg = Release|x86
		{B4611309-7476-4410-B6A5-75D9631458D6}.Release|x86.Build.0 = Release|x86
		{B4611309-7476-4410-B6A5-75D9631458D6}.Release|x86.Deploy.0 = Release|x86
		{6ECBB6AD-D59C-4578-894B-F2DC466E627A}.Debug|Any CPU.ActiveCfg = Debug|Any CPU
		{6ECBB6AD-D59C-4578-894B-F2DC466E627A}.Debug|Any CPU.Build.0 = Debug|Any CPU
		{6ECBB6AD-D59C-4578-894B-F2DC466E627A}.Debug|ARM.ActiveCfg = Debug|ARM
		{6ECBB6AD-D59C-4578-894B-F2DC466E627A}.Debug|ARM.Build.0 = Debug|ARM
		{6ECBB6AD-D59C-4578-894B-F2DC466E627A}.Debug|x64.ActiveCfg = Debug|x64
		{6ECBB6AD-D59C-4578-894B-F2DC466E627A}.Debug|x64.Build.0 = Debug|x64
		{6ECBB6AD-D59C-4578-894B-F2DC466E627A}.Debug|x86.ActiveCfg = Debug|x86
		{6ECBB6AD-D59C-4578-894B-F2DC466E627A}.Debug|x86.Build.0 = Debug|x86
		{6ECBB6AD-D59C-4578-894B-F2DC466E627A}.Release|Any CPU.ActiveCfg = Release|Any CPU
		{6ECBB6AD-D59C-4578-894B-F2DC466E627A}.Release|Any CPU.Build.0 = Release|Any CPU
		{6ECBB6AD-D59C-4578-894B-F2DC466E627A}.Release|ARM.ActiveCfg = Release|ARM
		{6ECBB6AD-D59C-4578-894B-F2DC466E627A}.Release|ARM.Build.0 = Release|ARM
		{6ECBB6AD-D59C-4578-894B-F2DC466E627A}.Release|x64.ActiveCfg = Release|x64
		{6ECBB6AD-D59C-4578-894B-F2DC466E627A}.Release|x64.Build.0 = Release|x64
		{6ECBB6AD-D59C-4578-894B-F2DC466E627A}.Release|x86.ActiveCfg = Release|x86
		{6ECBB6AD-D59C-4578-894B-F2DC466E627A}.Release|x86.Build.0 = Release|x86
		{9B3162B5-572E-4A85-BFE7-1CFE0D35F433}.Debug|Any CPU.ActiveCfg = Debug|x86
		{9B3162B5-572E-4A85-BFE7-1CFE0D35F433}.Debug|ARM.ActiveCfg = Debug|ARM
		{9B3162B5-572E-4A85-BFE7-1CFE0D35F433}.Debug|ARM.Build.0 = Debug|ARM
		{9B3162B5-572E-4A85-BFE7-1CFE0D35F433}.Debug|ARM.Deploy.0 = Debug|ARM
		{9B3162B5-572E-4A85-BFE7-1CFE0D35F433}.Debug|x64.ActiveCfg = Debug|x64
		{9B3162B5-572E-4A85-BFE7-1CFE0D35F433}.Debug|x64.Build.0 = Debug|x64
		{9B3162B5-572E-4A85-BFE7-1CFE0D35F433}.Debug|x64.Deploy.0 = Debug|x64
		{9B3162B5-572E-4A85-BFE7-1CFE0D35F433}.Debug|x86.ActiveCfg = Debug|x86
		{9B3162B5-572E-4A85-BFE7-1CFE0D35F433}.Debug|x86.Build.0 = Debug|x86
		{9B3162B5-572E-4A85-BFE7-1CFE0D35F433}.Debug|x86.Deploy.0 = Debug|x86
		{9B3162B5-572E-4A85-BFE7-1CFE0D35F433}.Release|Any CPU.ActiveCfg = Release|x86
		{9B3162B5-572E-4A85-BFE7-1CFE0D35F433}.Release|ARM.ActiveCfg = Release|ARM
		{9B3162B5-572E-4A85-BFE7-1CFE0D35F433}.Release|ARM.Build.0 = Release|ARM
		{9B3162B5-572E-4A85-BFE7-1CFE0D35F433}.Release|ARM.Deploy.0 = Release|ARM
		{9B3162B5-572E-4A85-BFE7-1CFE0D35F433}.Release|x64.ActiveCfg = Release|x64
		{9B3162B5-572E-4A85-BFE7-1CFE0D35F433}.Release|x64.Build.0 = Release|x64
		{9B3162B5-572E-4A85-BFE7-1CFE0D35F433}.Release|x64.Deploy.0 = Release|x64
		{9B3162B5-572E-4A85-BFE7-1CFE0D35F433}.Release|x86.ActiveCfg = Release|x86
		{9B3162B5-572E-4A85-BFE7-1CFE0D35F433}.Release|x86.Build.0 = Release|x86
		{9B3162B5-572E-4A85-BFE7-1CFE0D35F433}.Release|x86.Deploy.0 = Release|x86
		{95168CBC-9976-4C88-A4EF-2B9412B5B7FB}.Debug|Any CPU.ActiveCfg = Debug|x86
		{95168CBC-9976-4C88-A4EF-2B9412B5B7FB}.Debug|ARM.ActiveCfg = Debug|ARM
		{95168CBC-9976-4C88-A4EF-2B9412B5B7FB}.Debug|ARM.Build.0 = Debug|ARM
		{95168CBC-9976-4C88-A4EF-2B9412B5B7FB}.Debug|ARM.Deploy.0 = Debug|ARM
		{95168CBC-9976-4C88-A4EF-2B9412B5B7FB}.Debug|x64.ActiveCfg = Debug|x64
		{95168CBC-9976-4C88-A4EF-2B9412B5B7FB}.Debug|x64.Build.0 = Debug|x64
		{95168CBC-9976-4C88-A4EF-2B9412B5B7FB}.Debug|x64.Deploy.0 = Debug|x64
		{95168CBC-9976-4C88-A4EF-2B9412B5B7FB}.Debug|x86.ActiveCfg = Debug|x86
		{95168CBC-9976-4C88-A4EF-2B9412B5B7FB}.Debug|x86.Build.0 = Debug|x86
		{95168CBC-9976-4C88-A4EF-2B9412B5B7FB}.Debug|x86.Deploy.0 = Debug|x86
		{95168CBC-9976-4C88-A4EF-2B9412B5B7FB}.Release|Any CPU.ActiveCfg = Release|x86
		{95168CBC-9976-4C88-A4EF-2B9412B5B7FB}.Release|ARM.ActiveCfg = Release|ARM
		{95168CBC-9976-4C88-A4EF-2B9412B5B7FB}.Release|ARM.Build.0 = Release|ARM
		{95168CBC-9976-4C88-A4EF-2B9412B5B7FB}.Release|ARM.Deploy.0 = Release|ARM
		{95168CBC-9976-4C88-A4EF-2B9412B5B7FB}.Release|x64.ActiveCfg = Release|x64
		{95168CBC-9976-4C88-A4EF-2B9412B5B7FB}.Release|x64.Build.0 = Release|x64
		{95168CBC-9976-4C88-A4EF-2B9412B5B7FB}.Release|x64.Deploy.0 = Release|x64
		{95168CBC-9976-4C88-A4EF-2B9412B5B7FB}.Release|x86.ActiveCfg = Release|x86
		{95168CBC-9976-4C88-A4EF-2B9412B5B7FB}.Release|x86.Build.0 = Release|x86
		{95168CBC-9976-4C88-A4EF-2B9412B5B7FB}.Release|x86.Deploy.0 = Release|x86
		{793AE9E9-4919-4E2C-8EDE-891BF51B9342}.Debug|Any CPU.ActiveCfg = Debug|x86
		{793AE9E9-4919-4E2C-8EDE-891BF51B9342}.Debug|ARM.ActiveCfg = Debug|ARM
		{793AE9E9-4919-4E2C-8EDE-891BF51B9342}.Debug|ARM.Build.0 = Debug|ARM
		{793AE9E9-4919-4E2C-8EDE-891BF51B9342}.Debug|ARM.Deploy.0 = Debug|ARM
		{793AE9E9-4919-4E2C-8EDE-891BF51B9342}.Debug|x64.ActiveCfg = Debug|x64
		{793AE9E9-4919-4E2C-8EDE-891BF51B9342}.Debug|x64.Build.0 = Debug|x64
		{793AE9E9-4919-4E2C-8EDE-891BF51B9342}.Debug|x64.Deploy.0 = Debug|x64
		{793AE9E9-4919-4E2C-8EDE-891BF51B9342}.Debug|x86.ActiveCfg = Debug|x86
		{793AE9E9-4919-4E2C-8EDE-891BF51B9342}.Debug|x86.Build.0 = Debug|x86
		{793AE9E9-4919-4E2C-8EDE-891BF51B9342}.Debug|x86.Deploy.0 = Debug|x86
		{793AE9E9-4919-4E2C-8EDE-891BF51B9342}.Release|Any CPU.ActiveCfg = Release|x86
		{793AE9E9-4919-4E2C-8EDE-891BF51B9342}.Release|ARM.ActiveCfg = Release|ARM
		{793AE9E9-4919-4E2C-8EDE-891BF51B9342}.Release|ARM.Build.0 = Release|ARM
		{793AE9E9-4919-4E2C-8EDE-891BF51B9342}.Release|ARM.Deploy.0 = Release|ARM
		{793AE9E9-4919-4E2C-8EDE-891BF51B9342}.Release|x64.ActiveCfg = Release|x64
		{793AE9E9-4919-4E2C-8EDE-891BF51B9342}.Release|x64.Build.0 = Release|x64
		{793AE9E9-4919-4E2C-8EDE-891BF51B9342}.Release|x64.Deploy.0 = Release|x64
		{793AE9E9-4919-4E2C-8EDE-891BF51B9342}.Release|x86.ActiveCfg = Release|x86
		{793AE9E9-4919-4E2C-8EDE-891BF51B9342}.Release|x86.Build.0 = Release|x86
		{793AE9E9-4919-4E2C-8EDE-891BF51B9342}.Release|x86.Deploy.0 = Release|x86
		{A6791A03-0D76-4AED-B8D4-92F06786DC1E}.Debug|Any CPU.ActiveCfg = Debug|x86
		{A6791A03-0D76-4AED-B8D4-92F06786DC1E}.Debug|ARM.ActiveCfg = Debug|ARM
		{A6791A03-0D76-4AED-B8D4-92F06786DC1E}.Debug|ARM.Build.0 = Debug|ARM
		{A6791A03-0D76-4AED-B8D4-92F06786DC1E}.Debug|ARM.Deploy.0 = Debug|ARM
		{A6791A03-0D76-4AED-B8D4-92F06786DC1E}.Debug|x64.ActiveCfg = Debug|x64
		{A6791A03-0D76-4AED-B8D4-92F06786DC1E}.Debug|x64.Build.0 = Debug|x64
		{A6791A03-0D76-4AED-B8D4-92F06786DC1E}.Debug|x64.Deploy.0 = Debug|x64
		{A6791A03-0D76-4AED-B8D4-92F06786DC1E}.Debug|x86.ActiveCfg = Debug|x86
		{A6791A03-0D76-4AED-B8D4-92F06786DC1E}.Debug|x86.Build.0 = Debug|x86
		{A6791A03-0D76-4AED-B8D4-92F06786DC1E}.Debug|x86.Deploy.0 = Debug|x86
		{A6791A03-0D76-4AED-B8D4-92F06786DC1E}.Release|Any CPU.ActiveCfg = Release|x86
		{A6791A03-0D76-4AED-B8D4-92F06786DC1E}.Release|ARM.ActiveCfg = Release|ARM
		{A6791A03-0D76-4AED-B8D4-92F06786DC1E}.Release|ARM.Build.0 = Release|ARM
		{A6791A03-0D76-4AED-B8D4-92F06786DC1E}.Release|ARM.Deploy.0 = Release|ARM
		{A6791A03-0D76-4AED-B8D4-92F06786DC1E}.Release|x64.ActiveCfg = Release|x64
		{A6791A03-0D76-4AED-B8D4-92F06786DC1E}.Release|x64.Build.0 = Release|x64
		{A6791A03-0D76-4AED-B8D4-92F06786DC1E}.Release|x64.Deploy.0 = Release|x64
		{A6791A03-0D76-4AED-B8D4-92F06786DC1E}.Release|x86.ActiveCfg = Release|x86
		{A6791A03-0D76-4AED-B8D4-92F06786DC1E}.Release|x86.Build.0 = Release|x86
		{A6791A03-0D76-4AED-B8D4-92F06786DC1E}.Release|x86.Deploy.0 = Release|x86
		{79D55D2F-E99E-41C0-B5FF-718286C5D684}.Debug|Any CPU.ActiveCfg = Debug|x86
		{79D55D2F-E99E-41C0-B5FF-718286C5D684}.Debug|ARM.ActiveCfg = Debug|ARM
		{79D55D2F-E99E-41C0-B5FF-718286C5D684}.Debug|ARM.Build.0 = Debug|ARM
		{79D55D2F-E99E-41C0-B5FF-718286C5D684}.Debug|ARM.Deploy.0 = Debug|ARM
		{79D55D2F-E99E-41C0-B5FF-718286C5D684}.Debug|x64.ActiveCfg = Debug|x64
		{79D55D2F-E99E-41C0-B5FF-718286C5D684}.Debug|x64.Build.0 = Debug|x64
		{79D55D2F-E99E-41C0-B5FF-718286C5D684}.Debug|x64.Deploy.0 = Debug|x64
		{79D55D2F-E99E-41C0-B5FF-718286C5D684}.Debug|x86.ActiveCfg = Debug|x86
		{79D55D2F-E99E-41C0-B5FF-718286C5D684}.Debug|x86.Build.0 = Debug|x86
		{79D55D2F-E99E-41C0-B5FF-718286C5D684}.Debug|x86.Deploy.0 = Debug|x86
		{79D55D2F-E99E-41C0-B5FF-718286C5D684}.Release|Any CPU.ActiveCfg = Release|x86
		{79D55D2F-E99E-41C0-B5FF-718286C5D684}.Release|ARM.ActiveCfg = Release|ARM
		{79D55D2F-E99E-41C0-B5FF-718286C5D684}.Release|ARM.Build.0 = Release|ARM
		{79D55D2F-E99E-41C0-B5FF-718286C5D684}.Release|ARM.Deploy.0 = Release|ARM
		{79D55D2F-E99E-41C0-B5FF-718286C5D684}.Release|x64.ActiveCfg = Release|x64
		{79D55D2F-E99E-41C0-B5FF-718286C5D684}.Release|x64.Build.0 = Release|x64
		{79D55D2F-E99E-41C0-B5FF-718286C5D684}.Release|x64.Deploy.0 = Release|x64
		{79D55D2F-E99E-41C0-B5FF-718286C5D684}.Release|x86.ActiveCfg = Release|x86
		{79D55D2F-E99E-41C0-B5FF-718286C5D684}.Release|x86.Build.0 = Release|x86
		{79D55D2F-E99E-41C0-B5FF-718286C5D684}.Release|x86.Deploy.0 = Release|x86
		{42E3347D-F3AB-4ED4-BADF-DC1EF7024535}.Debug|Any CPU.ActiveCfg = Debug|Any CPU
		{42E3347D-F3AB-4ED4-BADF-DC1EF7024535}.Debug|Any CPU.Build.0 = Debug|Any CPU
		{42E3347D-F3AB-4ED4-BADF-DC1EF7024535}.Debug|ARM.ActiveCfg = Debug|ARM
		{42E3347D-F3AB-4ED4-BADF-DC1EF7024535}.Debug|ARM.Build.0 = Debug|ARM
		{42E3347D-F3AB-4ED4-BADF-DC1EF7024535}.Debug|x64.ActiveCfg = Debug|x64
		{42E3347D-F3AB-4ED4-BADF-DC1EF7024535}.Debug|x64.Build.0 = Debug|x64
		{42E3347D-F3AB-4ED4-BADF-DC1EF7024535}.Debug|x86.ActiveCfg = Debug|x86
		{42E3347D-F3AB-4ED4-BADF-DC1EF7024535}.Debug|x86.Build.0 = Debug|x86
		{42E3347D-F3AB-4ED4-BADF-DC1EF7024535}.Release|Any CPU.ActiveCfg = Release|Any CPU
		{42E3347D-F3AB-4ED4-BADF-DC1EF7024535}.Release|Any CPU.Build.0 = Release|Any CPU
		{42E3347D-F3AB-4ED4-BADF-DC1EF7024535}.Release|ARM.ActiveCfg = Release|ARM
		{42E3347D-F3AB-4ED4-BADF-DC1EF7024535}.Release|ARM.Build.0 = Release|ARM
		{42E3347D-F3AB-4ED4-BADF-DC1EF7024535}.Release|x64.ActiveCfg = Release|x64
		{42E3347D-F3AB-4ED4-BADF-DC1EF7024535}.Release|x64.Build.0 = Release|x64
		{42E3347D-F3AB-4ED4-BADF-DC1EF7024535}.Release|x86.ActiveCfg = Release|x86
		{42E3347D-F3AB-4ED4-BADF-DC1EF7024535}.Release|x86.Build.0 = Release|x86
		{709E95F1-DF1C-4B03-BA33-1CDE3F4A631A}.Debug|Any CPU.ActiveCfg = Debug|x86
		{709E95F1-DF1C-4B03-BA33-1CDE3F4A631A}.Debug|ARM.ActiveCfg = Debug|ARM
		{709E95F1-DF1C-4B03-BA33-1CDE3F4A631A}.Debug|ARM.Build.0 = Debug|ARM
		{709E95F1-DF1C-4B03-BA33-1CDE3F4A631A}.Debug|ARM.Deploy.0 = Debug|ARM
		{709E95F1-DF1C-4B03-BA33-1CDE3F4A631A}.Debug|x64.ActiveCfg = Debug|x64
		{709E95F1-DF1C-4B03-BA33-1CDE3F4A631A}.Debug|x64.Build.0 = Debug|x64
		{709E95F1-DF1C-4B03-BA33-1CDE3F4A631A}.Debug|x64.Deploy.0 = Debug|x64
		{709E95F1-DF1C-4B03-BA33-1CDE3F4A631A}.Debug|x86.ActiveCfg = Debug|x86
		{709E95F1-DF1C-4B03-BA33-1CDE3F4A631A}.Debug|x86.Build.0 = Debug|x86
		{709E95F1-DF1C-4B03-BA33-1CDE3F4A631A}.Debug|x86.Deploy.0 = Debug|x86
		{709E95F1-DF1C-4B03-BA33-1CDE3F4A631A}.Release|Any CPU.ActiveCfg = Release|x86
		{709E95F1-DF1C-4B03-BA33-1CDE3F4A631A}.Release|ARM.ActiveCfg = Release|ARM
		{709E95F1-DF1C-4B03-BA33-1CDE3F4A631A}.Release|ARM.Build.0 = Release|ARM
		{709E95F1-DF1C-4B03-BA33-1CDE3F4A631A}.Release|ARM.Deploy.0 = Release|ARM
		{709E95F1-DF1C-4B03-BA33-1CDE3F4A631A}.Release|x64.ActiveCfg = Release|x64
		{709E95F1-DF1C-4B03-BA33-1CDE3F4A631A}.Release|x64.Build.0 = Release|x64
		{709E95F1-DF1C-4B03-BA33-1CDE3F4A631A}.Release|x64.Deploy.0 = Release|x64
		{709E95F1-DF1C-4B03-BA33-1CDE3F4A631A}.Release|x86.ActiveCfg = Release|x86
		{709E95F1-DF1C-4B03-BA33-1CDE3F4A631A}.Release|x86.Build.0 = Release|x86
		{709E95F1-DF1C-4B03-BA33-1CDE3F4A631A}.Release|x86.Deploy.0 = Release|x86
		{1A2E53FA-FEFD-4E5B-B9D1-1D0603D9F55F}.Debug|Any CPU.ActiveCfg = Debug|Any CPU
		{1A2E53FA-FEFD-4E5B-B9D1-1D0603D9F55F}.Debug|Any CPU.Build.0 = Debug|Any CPU
		{1A2E53FA-FEFD-4E5B-B9D1-1D0603D9F55F}.Debug|ARM.ActiveCfg = Debug|ARM
		{1A2E53FA-FEFD-4E5B-B9D1-1D0603D9F55F}.Debug|ARM.Build.0 = Debug|ARM
		{1A2E53FA-FEFD-4E5B-B9D1-1D0603D9F55F}.Debug|x64.ActiveCfg = Debug|x64
		{1A2E53FA-FEFD-4E5B-B9D1-1D0603D9F55F}.Debug|x64.Build.0 = Debug|x64
		{1A2E53FA-FEFD-4E5B-B9D1-1D0603D9F55F}.Debug|x86.ActiveCfg = Debug|x86
		{1A2E53FA-FEFD-4E5B-B9D1-1D0603D9F55F}.Debug|x86.Build.0 = Debug|x86
		{1A2E53FA-FEFD-4E5B-B9D1-1D0603D9F55F}.Release|Any CPU.ActiveCfg = Release|Any CPU
		{1A2E53FA-FEFD-4E5B-B9D1-1D0603D9F55F}.Release|Any CPU.Build.0 = Release|Any CPU
		{1A2E53FA-FEFD-4E5B-B9D1-1D0603D9F55F}.Release|ARM.ActiveCfg = Release|ARM
		{1A2E53FA-FEFD-4E5B-B9D1-1D0603D9F55F}.Release|ARM.Build.0 = Release|ARM
		{1A2E53FA-FEFD-4E5B-B9D1-1D0603D9F55F}.Release|x64.ActiveCfg = Release|x64
		{1A2E53FA-FEFD-4E5B-B9D1-1D0603D9F55F}.Release|x64.Build.0 = Release|x64
		{1A2E53FA-FEFD-4E5B-B9D1-1D0603D9F55F}.Release|x86.ActiveCfg = Release|x86
		{1A2E53FA-FEFD-4E5B-B9D1-1D0603D9F55F}.Release|x86.Build.0 = Release|x86
		{C4D9B977-23FD-458E-9A8E-29B1CB468446}.Debug|Any CPU.ActiveCfg = Debug|x86
		{C4D9B977-23FD-458E-9A8E-29B1CB468446}.Debug|ARM.ActiveCfg = Debug|ARM
		{C4D9B977-23FD-458E-9A8E-29B1CB468446}.Debug|ARM.Build.0 = Debug|ARM
		{C4D9B977-23FD-458E-9A8E-29B1CB468446}.Debug|ARM.Deploy.0 = Debug|ARM
		{C4D9B977-23FD-458E-9A8E-29B1CB468446}.Debug|x64.ActiveCfg = Debug|x64
		{C4D9B977-23FD-458E-9A8E-29B1CB468446}.Debug|x64.Build.0 = Debug|x64
		{C4D9B977-23FD-458E-9A8E-29B1CB468446}.Debug|x64.Deploy.0 = Debug|x64
		{C4D9B977-23FD-458E-9A8E-29B1CB468446}.Debug|x86.ActiveCfg = Debug|x86
		{C4D9B977-23FD-458E-9A8E-29B1CB468446}.Debug|x86.Build.0 = Debug|x86
		{C4D9B977-23FD-458E-9A8E-29B1CB468446}.Debug|x86.Deploy.0 = Debug|x86
		{C4D9B977-23FD-458E-9A8E-29B1CB468446}.Release|Any CPU.ActiveCfg = Release|x86
		{C4D9B977-23FD-458E-9A8E-29B1CB468446}.Release|ARM.ActiveCfg = Release|ARM
		{C4D9B977-23FD-458E-9A8E-29B1CB468446}.Release|ARM.Build.0 = Release|ARM
		{C4D9B977-23FD-458E-9A8E-29B1CB468446}.Release|ARM.Deploy.0 = Release|ARM
		{C4D9B977-23FD-458E-9A8E-29B1CB468446}.Release|x64.ActiveCfg = Release|x64
		{C4D9B977-23FD-458E-9A8E-29B1CB468446}.Release|x64.Build.0 = Release|x64
		{C4D9B977-23FD-458E-9A8E-29B1CB468446}.Release|x64.Deploy.0 = Release|x64
		{C4D9B977-23FD-458E-9A8E-29B1CB468446}.Release|x86.ActiveCfg = Release|x86
		{C4D9B977-23FD-458E-9A8E-29B1CB468446}.Release|x86.Build.0 = Release|x86
		{C4D9B977-23FD-458E-9A8E-29B1CB468446}.Release|x86.Deploy.0 = Release|x86
		{A3B37169-E12A-4E16-BC2B-D1C69CB76059}.Debug|Any CPU.ActiveCfg = Debug|Any CPU
		{A3B37169-E12A-4E16-BC2B-D1C69CB76059}.Debug|Any CPU.Build.0 = Debug|Any CPU
		{A3B37169-E12A-4E16-BC2B-D1C69CB76059}.Debug|ARM.ActiveCfg = Debug|Any CPU
		{A3B37169-E12A-4E16-BC2B-D1C69CB76059}.Debug|ARM.Build.0 = Debug|Any CPU
		{A3B37169-E12A-4E16-BC2B-D1C69CB76059}.Debug|x64.ActiveCfg = Debug|Any CPU
		{A3B37169-E12A-4E16-BC2B-D1C69CB76059}.Debug|x64.Build.0 = Debug|Any CPU
		{A3B37169-E12A-4E16-BC2B-D1C69CB76059}.Debug|x86.ActiveCfg = Debug|Any CPU
		{A3B37169-E12A-4E16-BC2B-D1C69CB76059}.Debug|x86.Build.0 = Debug|Any CPU
		{A3B37169-E12A-4E16-BC2B-D1C69CB76059}.Release|Any CPU.ActiveCfg = Release|Any CPU
		{A3B37169-E12A-4E16-BC2B-D1C69CB76059}.Release|Any CPU.Build.0 = Release|Any CPU
		{A3B37169-E12A-4E16-BC2B-D1C69CB76059}.Release|ARM.ActiveCfg = Release|Any CPU
		{A3B37169-E12A-4E16-BC2B-D1C69CB76059}.Release|ARM.Build.0 = Release|Any CPU
		{A3B37169-E12A-4E16-BC2B-D1C69CB76059}.Release|x64.ActiveCfg = Release|Any CPU
		{A3B37169-E12A-4E16-BC2B-D1C69CB76059}.Release|x64.Build.0 = Release|Any CPU
		{A3B37169-E12A-4E16-BC2B-D1C69CB76059}.Release|x86.ActiveCfg = Release|Any CPU
		{A3B37169-E12A-4E16-BC2B-D1C69CB76059}.Release|x86.Build.0 = Release|Any CPU
	EndGlobalSection
	GlobalSection(SolutionProperties) = preSolution
		HideSolutionNode = FALSE
	EndGlobalSection
	GlobalSection(NestedProjects) = preSolution
		{B4611309-7476-4410-B6A5-75D9631458D6} = {E3DA61D3-55DD-4595-84B3-9397439362AA}
		{6ECBB6AD-D59C-4578-894B-F2DC466E627A} = {E3DA61D3-55DD-4595-84B3-9397439362AA}
		{9B3162B5-572E-4A85-BFE7-1CFE0D35F433} = {E3192FD4-7EAC-40C4-8B8C-0108BA15F419}
		{95168CBC-9976-4C88-A4EF-2B9412B5B7FB} = {E3192FD4-7EAC-40C4-8B8C-0108BA15F419}
		{793AE9E9-4919-4E2C-8EDE-891BF51B9342} = {E3192FD4-7EAC-40C4-8B8C-0108BA15F419}
		{A6791A03-0D76-4AED-B8D4-92F06786DC1E} = {E3192FD4-7EAC-40C4-8B8C-0108BA15F419}
		{79D55D2F-E99E-41C0-B5FF-718286C5D684} = {E3192FD4-7EAC-40C4-8B8C-0108BA15F419}
		{42E3347D-F3AB-4ED4-BADF-DC1EF7024535} = {E3192FD4-7EAC-40C4-8B8C-0108BA15F419}
		{709E95F1-DF1C-4B03-BA33-1CDE3F4A631A} = {EFDE1701-1763-4E0C-93F0-8BE68880E713}
		{1A2E53FA-FEFD-4E5B-B9D1-1D0603D9F55F} = {EFDE1701-1763-4E0C-93F0-8BE68880E713}
		{C4D9B977-23FD-458E-9A8E-29B1CB468446} = {60D9A3B4-1D9E-4FA8-A423-1C3EF81F7CA6}
		{A3B37169-E12A-4E16-BC2B-D1C69CB76059} = {60D9A3B4-1D9E-4FA8-A423-1C3EF81F7CA6}
	EndGlobalSection
EndGlobal
