
Microsoft Visual Studio Solution File, Format Version 12.00
# Visual Studio 14
VisualStudioVersion = 14.0.22823.1
MinimumVisualStudioVersion = 10.0.40219.1
Project("{FAE04EC0-301F-11D3-BF4B-00C04F79EFBC}") = "XamarinForms.Step1", "XamarinForms.Step1\XamarinForms.Step1\XamarinForms.Step1.csproj", "{808F80E5-251F-456E-97B7-AE3BD18B683B}"
EndProject
Project("{FAE04EC0-301F-11D3-BF4B-00C04F79EFBC}") = "XamarinForms.Step1.iOS", "XamarinForms.Step1\XamarinForms.Step1.iOS\XamarinForms.Step1.iOS.csproj", "{19401965-DA83-46EF-AE0A-AEB7EA92401C}"
EndProject
Project("{FAE04EC0-301F-11D3-BF4B-00C04F79EFBC}") = "XamarinForms.Step1.Droid", "XamarinForms.Step1\XamarinForms.Step1.Droid\XamarinForms.Step1.Droid.csproj", "{FD3A5059-87CA-474A-A97A-DCF918DDEF9A}"
EndProject
Project("{FAE04EC0-301F-11D3-BF4B-00C04F79EFBC}") = "XamarinForms.Step1.WinPhone", "XamarinForms.Step1\XamarinForms.Step1.WinPhone\XamarinForms.Step1.WinPhone.csproj", "{BBC7F4BE-AB45-416C-B666-BB7AA825218E}"
EndProject
Project("{2150E333-8FDC-42A3-9474-1A3956D46DE8}") = "Step 1", "Step 1", "{7B618C7F-95A8-4820-B227-CF73F7A56B8A}"
EndProject
Project("{2150E333-8FDC-42A3-9474-1A3956D46DE8}") = "Step 2", "Step 2", "{4307CAC7-E011-437C-B698-A9EE6CD0018C}"
EndProject
Project("{FAE04EC0-301F-11D3-BF4B-00C04F79EFBC}") = "XamarinForms.Step2", "XamarinForms.Step2\XamarinForms.Step2\XamarinForms.Step2.csproj", "{7D4EE940-FA61-46F9-8FB3-863E5819A244}"
EndProject
Project("{FAE04EC0-301F-11D3-BF4B-00C04F79EFBC}") = "XamarinForms.Step2.iOS", "XamarinForms.Step2\XamarinForms.Step2.iOS\XamarinForms.Step2.iOS.csproj", "{B82AFC61-715E-49B3-AF34-D9CA3B2C18D3}"
EndProject
Project("{FAE04EC0-301F-11D3-BF4B-00C04F79EFBC}") = "XamarinForms.Step2.Droid", "XamarinForms.Step2\XamarinForms.Step2.Droid\XamarinForms.Step2.Droid.csproj", "{5E010223-CF48-4BC9-BB76-8B1F4471D10B}"
EndProject
Project("{FAE04EC0-301F-11D3-BF4B-00C04F79EFBC}") = "XamarinForms.Step2.WinPhone", "XamarinForms.Step2\XamarinForms.Step2.WinPhone\XamarinForms.Step2.WinPhone.csproj", "{EA8243DB-0AC4-4A14-87F8-4BDE005FAF9E}"
EndProject
Project("{2150E333-8FDC-42A3-9474-1A3956D46DE8}") = "Step 3", "Step 3", "{AB19746E-8271-45DD-A567-6E55B7C79E39}"
EndProject
Project("{FAE04EC0-301F-11D3-BF4B-00C04F79EFBC}") = "XamarinForms.Step3", "XamarinForms.Step3\XamarinForms.Step3\XamarinForms.Step3.csproj", "{85A5211A-EB90-4B7D-89E9-A04A7EDB0360}"
EndProject
Project("{FAE04EC0-301F-11D3-BF4B-00C04F79EFBC}") = "XamarinForms.Step3.iOS", "XamarinForms.Step3\XamarinForms.Step3.iOS\XamarinForms.Step3.iOS.csproj", "{B697E87D-6885-483F-9600-31FD21EBC385}"
EndProject
Project("{FAE04EC0-301F-11D3-BF4B-00C04F79EFBC}") = "XamarinForms.Step3.Droid", "XamarinForms.Step3\XamarinForms.Step3.Droid\XamarinForms.Step3.Droid.csproj", "{F1686BD7-FF08-4135-BCD1-E72E3F91A351}"
EndProject
Project("{FAE04EC0-301F-11D3-BF4B-00C04F79EFBC}") = "XamarinForms.Step3.WinPhone", "XamarinForms.Step3\XamarinForms.Step3.WinPhone\XamarinForms.Step3.WinPhone.csproj", "{75910653-B572-4141-8AA3-963EAC6422C6}"
EndProject
Project("{2150E333-8FDC-42A3-9474-1A3956D46DE8}") = "Step 4", "Step 4", "{56DEF1C5-BD00-4B48-B5FC-0EEE08B2228C}"
EndProject
Project("{FAE04EC0-301F-11D3-BF4B-00C04F79EFBC}") = "XamarinForms.Step4", "XamarinForms.Step4\XamarinForms.Step4\XamarinForms.Step4.csproj", "{6D63E733-2C26-4624-9B0E-7745F456DBA1}"
EndProject
Project("{FAE04EC0-301F-11D3-BF4B-00C04F79EFBC}") = "XamarinForms.Step4.iOS", "XamarinForms.Step4\XamarinForms.Step4.iOS\XamarinForms.Step4.iOS.csproj", "{B888E183-4E2B-4836-A6EA-2E67A60B9E54}"
EndProject
Project("{FAE04EC0-301F-11D3-BF4B-00C04F79EFBC}") = "XamarinForms.Step4.Droid", "XamarinForms.Step4\XamarinForms.Step4.Droid\XamarinForms.Step4.Droid.csproj", "{0A7EE12D-8273-4DE4-9222-5AE68A68229A}"
EndProject
Project("{FAE04EC0-301F-11D3-BF4B-00C04F79EFBC}") = "XamarinForms.Step4.WinPhone", "XamarinForms.Step4\XamarinForms.Step4.WinPhone\XamarinForms.Step4.WinPhone.csproj", "{B108AE5A-B9AC-4A94-96D5-FF894130DA0C}"
EndProject
Global
	GlobalSection(SolutionConfigurationPlatforms) = preSolution
		Ad-Hoc|Any CPU = Ad-Hoc|Any CPU
		Ad-Hoc|ARM = Ad-Hoc|ARM
		Ad-Hoc|iPhone = Ad-Hoc|iPhone
		Ad-Hoc|iPhoneSimulator = Ad-Hoc|iPhoneSimulator
		Ad-Hoc|x86 = Ad-Hoc|x86
		AppStore|Any CPU = AppStore|Any CPU
		AppStore|ARM = AppStore|ARM
		AppStore|iPhone = AppStore|iPhone
		AppStore|iPhoneSimulator = AppStore|iPhoneSimulator
		AppStore|x86 = AppStore|x86
		Debug|Any CPU = Debug|Any CPU
		Debug|ARM = Debug|ARM
		Debug|iPhone = Debug|iPhone
		Debug|iPhoneSimulator = Debug|iPhoneSimulator
		Debug|x86 = Debug|x86
		Release|Any CPU = Release|Any CPU
		Release|ARM = Release|ARM
		Release|iPhone = Release|iPhone
		Release|iPhoneSimulator = Release|iPhoneSimulator
		Release|x86 = Release|x86
	EndGlobalSection
	GlobalSection(ProjectConfigurationPlatforms) = postSolution
		{808F80E5-251F-456E-97B7-AE3BD18B683B}.Ad-Hoc|Any CPU.ActiveCfg = Release|Any CPU
		{808F80E5-251F-456E-97B7-AE3BD18B683B}.Ad-Hoc|Any CPU.Build.0 = Release|Any CPU
		{808F80E5-251F-456E-97B7-AE3BD18B683B}.Ad-Hoc|ARM.ActiveCfg = Release|Any CPU
		{808F80E5-251F-456E-97B7-AE3BD18B683B}.Ad-Hoc|ARM.Build.0 = Release|Any CPU
		{808F80E5-251F-456E-97B7-AE3BD18B683B}.Ad-Hoc|iPhone.ActiveCfg = Release|Any CPU
		{808F80E5-251F-456E-97B7-AE3BD18B683B}.Ad-Hoc|iPhone.Build.0 = Release|Any CPU
		{808F80E5-251F-456E-97B7-AE3BD18B683B}.Ad-Hoc|iPhoneSimulator.ActiveCfg = Release|Any CPU
		{808F80E5-251F-456E-97B7-AE3BD18B683B}.Ad-Hoc|iPhoneSimulator.Build.0 = Release|Any CPU
		{808F80E5-251F-456E-97B7-AE3BD18B683B}.Ad-Hoc|x86.ActiveCfg = Release|Any CPU
		{808F80E5-251F-456E-97B7-AE3BD18B683B}.Ad-Hoc|x86.Build.0 = Release|Any CPU
		{808F80E5-251F-456E-97B7-AE3BD18B683B}.AppStore|Any CPU.ActiveCfg = Release|Any CPU
		{808F80E5-251F-456E-97B7-AE3BD18B683B}.AppStore|Any CPU.Build.0 = Release|Any CPU
		{808F80E5-251F-456E-97B7-AE3BD18B683B}.AppStore|ARM.ActiveCfg = Release|Any CPU
		{808F80E5-251F-456E-97B7-AE3BD18B683B}.AppStore|ARM.Build.0 = Release|Any CPU
		{808F80E5-251F-456E-97B7-AE3BD18B683B}.AppStore|iPhone.ActiveCfg = Release|Any CPU
		{808F80E5-251F-456E-97B7-AE3BD18B683B}.AppStore|iPhone.Build.0 = Release|Any CPU
		{808F80E5-251F-456E-97B7-AE3BD18B683B}.AppStore|iPhoneSimulator.ActiveCfg = Release|Any CPU
		{808F80E5-251F-456E-97B7-AE3BD18B683B}.AppStore|iPhoneSimulator.Build.0 = Release|Any CPU
		{808F80E5-251F-456E-97B7-AE3BD18B683B}.AppStore|x86.ActiveCfg = Release|Any CPU
		{808F80E5-251F-456E-97B7-AE3BD18B683B}.AppStore|x86.Build.0 = Release|Any CPU
		{808F80E5-251F-456E-97B7-AE3BD18B683B}.Debug|Any CPU.ActiveCfg = Debug|Any CPU
		{808F80E5-251F-456E-97B7-AE3BD18B683B}.Debug|Any CPU.Build.0 = Debug|Any CPU
		{808F80E5-251F-456E-97B7-AE3BD18B683B}.Debug|ARM.ActiveCfg = Debug|Any CPU
		{808F80E5-251F-456E-97B7-AE3BD18B683B}.Debug|ARM.Build.0 = Debug|Any CPU
		{808F80E5-251F-456E-97B7-AE3BD18B683B}.Debug|iPhone.ActiveCfg = Debug|Any CPU
		{808F80E5-251F-456E-97B7-AE3BD18B683B}.Debug|iPhone.Build.0 = Debug|Any CPU
		{808F80E5-251F-456E-97B7-AE3BD18B683B}.Debug|iPhoneSimulator.ActiveCfg = Debug|Any CPU
		{808F80E5-251F-456E-97B7-AE3BD18B683B}.Debug|iPhoneSimulator.Build.0 = Debug|Any CPU
		{808F80E5-251F-456E-97B7-AE3BD18B683B}.Debug|x86.ActiveCfg = Debug|Any CPU
		{808F80E5-251F-456E-97B7-AE3BD18B683B}.Debug|x86.Build.0 = Debug|Any CPU
		{808F80E5-251F-456E-97B7-AE3BD18B683B}.Release|Any CPU.ActiveCfg = Release|Any CPU
		{808F80E5-251F-456E-97B7-AE3BD18B683B}.Release|Any CPU.Build.0 = Release|Any CPU
		{808F80E5-251F-456E-97B7-AE3BD18B683B}.Release|ARM.ActiveCfg = Release|Any CPU
		{808F80E5-251F-456E-97B7-AE3BD18B683B}.Release|ARM.Build.0 = Release|Any CPU
		{808F80E5-251F-456E-97B7-AE3BD18B683B}.Release|iPhone.ActiveCfg = Release|Any CPU
		{808F80E5-251F-456E-97B7-AE3BD18B683B}.Release|iPhone.Build.0 = Release|Any CPU
		{808F80E5-251F-456E-97B7-AE3BD18B683B}.Release|iPhoneSimulator.ActiveCfg = Release|Any CPU
		{808F80E5-251F-456E-97B7-AE3BD18B683B}.Release|iPhoneSimulator.Build.0 = Release|Any CPU
		{808F80E5-251F-456E-97B7-AE3BD18B683B}.Release|x86.ActiveCfg = Release|Any CPU
		{808F80E5-251F-456E-97B7-AE3BD18B683B}.Release|x86.Build.0 = Release|Any CPU
		{19401965-DA83-46EF-AE0A-AEB7EA92401C}.Ad-Hoc|Any CPU.ActiveCfg = Ad-Hoc|iPhone
		{19401965-DA83-46EF-AE0A-AEB7EA92401C}.Ad-Hoc|ARM.ActiveCfg = Ad-Hoc|iPhone
		{19401965-DA83-46EF-AE0A-AEB7EA92401C}.Ad-Hoc|iPhone.ActiveCfg = Ad-Hoc|iPhone
		{19401965-DA83-46EF-AE0A-AEB7EA92401C}.Ad-Hoc|iPhone.Build.0 = Ad-Hoc|iPhone
		{19401965-DA83-46EF-AE0A-AEB7EA92401C}.Ad-Hoc|iPhoneSimulator.ActiveCfg = Ad-Hoc|iPhoneSimulator
		{19401965-DA83-46EF-AE0A-AEB7EA92401C}.Ad-Hoc|iPhoneSimulator.Build.0 = Ad-Hoc|iPhoneSimulator
		{19401965-DA83-46EF-AE0A-AEB7EA92401C}.Ad-Hoc|x86.ActiveCfg = Ad-Hoc|iPhone
		{19401965-DA83-46EF-AE0A-AEB7EA92401C}.AppStore|Any CPU.ActiveCfg = AppStore|iPhone
		{19401965-DA83-46EF-AE0A-AEB7EA92401C}.AppStore|ARM.ActiveCfg = AppStore|iPhone
		{19401965-DA83-46EF-AE0A-AEB7EA92401C}.AppStore|iPhone.ActiveCfg = AppStore|iPhone
		{19401965-DA83-46EF-AE0A-AEB7EA92401C}.AppStore|iPhone.Build.0 = AppStore|iPhone
		{19401965-DA83-46EF-AE0A-AEB7EA92401C}.AppStore|iPhoneSimulator.ActiveCfg = AppStore|iPhoneSimulator
		{19401965-DA83-46EF-AE0A-AEB7EA92401C}.AppStore|iPhoneSimulator.Build.0 = AppStore|iPhoneSimulator
		{19401965-DA83-46EF-AE0A-AEB7EA92401C}.AppStore|x86.ActiveCfg = AppStore|iPhone
		{19401965-DA83-46EF-AE0A-AEB7EA92401C}.Debug|Any CPU.ActiveCfg = Debug|iPhone
		{19401965-DA83-46EF-AE0A-AEB7EA92401C}.Debug|ARM.ActiveCfg = Debug|iPhone
		{19401965-DA83-46EF-AE0A-AEB7EA92401C}.Debug|iPhone.ActiveCfg = Debug|iPhone
		{19401965-DA83-46EF-AE0A-AEB7EA92401C}.Debug|iPhone.Build.0 = Debug|iPhone
		{19401965-DA83-46EF-AE0A-AEB7EA92401C}.Debug|iPhoneSimulator.ActiveCfg = Debug|iPhoneSimulator
		{19401965-DA83-46EF-AE0A-AEB7EA92401C}.Debug|iPhoneSimulator.Build.0 = Debug|iPhoneSimulator
		{19401965-DA83-46EF-AE0A-AEB7EA92401C}.Debug|x86.ActiveCfg = Debug|iPhone
		{19401965-DA83-46EF-AE0A-AEB7EA92401C}.Release|Any CPU.ActiveCfg = Release|iPhone
		{19401965-DA83-46EF-AE0A-AEB7EA92401C}.Release|ARM.ActiveCfg = Release|iPhone
		{19401965-DA83-46EF-AE0A-AEB7EA92401C}.Release|iPhone.ActiveCfg = Release|iPhone
		{19401965-DA83-46EF-AE0A-AEB7EA92401C}.Release|iPhone.Build.0 = Release|iPhone
		{19401965-DA83-46EF-AE0A-AEB7EA92401C}.Release|iPhoneSimulator.ActiveCfg = Release|iPhoneSimulator
		{19401965-DA83-46EF-AE0A-AEB7EA92401C}.Release|iPhoneSimulator.Build.0 = Release|iPhoneSimulator
		{19401965-DA83-46EF-AE0A-AEB7EA92401C}.Release|x86.ActiveCfg = Release|iPhone
		{FD3A5059-87CA-474A-A97A-DCF918DDEF9A}.Ad-Hoc|Any CPU.ActiveCfg = Release|Any CPU
		{FD3A5059-87CA-474A-A97A-DCF918DDEF9A}.Ad-Hoc|Any CPU.Build.0 = Release|Any CPU
		{FD3A5059-87CA-474A-A97A-DCF918DDEF9A}.Ad-Hoc|Any CPU.Deploy.0 = Release|Any CPU
		{FD3A5059-87CA-474A-A97A-DCF918DDEF9A}.Ad-Hoc|ARM.ActiveCfg = Release|Any CPU
		{FD3A5059-87CA-474A-A97A-DCF918DDEF9A}.Ad-Hoc|ARM.Build.0 = Release|Any CPU
		{FD3A5059-87CA-474A-A97A-DCF918DDEF9A}.Ad-Hoc|ARM.Deploy.0 = Release|Any CPU
		{FD3A5059-87CA-474A-A97A-DCF918DDEF9A}.Ad-Hoc|iPhone.ActiveCfg = Release|Any CPU
		{FD3A5059-87CA-474A-A97A-DCF918DDEF9A}.Ad-Hoc|iPhone.Build.0 = Release|Any CPU
		{FD3A5059-87CA-474A-A97A-DCF918DDEF9A}.Ad-Hoc|iPhone.Deploy.0 = Release|Any CPU
		{FD3A5059-87CA-474A-A97A-DCF918DDEF9A}.Ad-Hoc|iPhoneSimulator.ActiveCfg = Release|Any CPU
		{FD3A5059-87CA-474A-A97A-DCF918DDEF9A}.Ad-Hoc|iPhoneSimulator.Build.0 = Release|Any CPU
		{FD3A5059-87CA-474A-A97A-DCF918DDEF9A}.Ad-Hoc|iPhoneSimulator.Deploy.0 = Release|Any CPU
		{FD3A5059-87CA-474A-A97A-DCF918DDEF9A}.Ad-Hoc|x86.ActiveCfg = Release|Any CPU
		{FD3A5059-87CA-474A-A97A-DCF918DDEF9A}.Ad-Hoc|x86.Build.0 = Release|Any CPU
		{FD3A5059-87CA-474A-A97A-DCF918DDEF9A}.Ad-Hoc|x86.Deploy.0 = Release|Any CPU
		{FD3A5059-87CA-474A-A97A-DCF918DDEF9A}.AppStore|Any CPU.ActiveCfg = Release|Any CPU
		{FD3A5059-87CA-474A-A97A-DCF918DDEF9A}.AppStore|Any CPU.Build.0 = Release|Any CPU
		{FD3A5059-87CA-474A-A97A-DCF918DDEF9A}.AppStore|Any CPU.Deploy.0 = Release|Any CPU
		{FD3A5059-87CA-474A-A97A-DCF918DDEF9A}.AppStore|ARM.ActiveCfg = Release|Any CPU
		{FD3A5059-87CA-474A-A97A-DCF918DDEF9A}.AppStore|ARM.Build.0 = Release|Any CPU
		{FD3A5059-87CA-474A-A97A-DCF918DDEF9A}.AppStore|ARM.Deploy.0 = Release|Any CPU
		{FD3A5059-87CA-474A-A97A-DCF918DDEF9A}.AppStore|iPhone.ActiveCfg = Release|Any CPU
		{FD3A5059-87CA-474A-A97A-DCF918DDEF9A}.AppStore|iPhone.Build.0 = Release|Any CPU
		{FD3A5059-87CA-474A-A97A-DCF918DDEF9A}.AppStore|iPhone.Deploy.0 = Release|Any CPU
		{FD3A5059-87CA-474A-A97A-DCF918DDEF9A}.AppStore|iPhoneSimulator.ActiveCfg = Release|Any CPU
		{FD3A5059-87CA-474A-A97A-DCF918DDEF9A}.AppStore|iPhoneSimulator.Build.0 = Release|Any CPU
		{FD3A5059-87CA-474A-A97A-DCF918DDEF9A}.AppStore|iPhoneSimulator.Deploy.0 = Release|Any CPU
		{FD3A5059-87CA-474A-A97A-DCF918DDEF9A}.AppStore|x86.ActiveCfg = Release|Any CPU
		{FD3A5059-87CA-474A-A97A-DCF918DDEF9A}.AppStore|x86.Build.0 = Release|Any CPU
		{FD3A5059-87CA-474A-A97A-DCF918DDEF9A}.AppStore|x86.Deploy.0 = Release|Any CPU
		{FD3A5059-87CA-474A-A97A-DCF918DDEF9A}.Debug|Any CPU.ActiveCfg = Debug|Any CPU
		{FD3A5059-87CA-474A-A97A-DCF918DDEF9A}.Debug|Any CPU.Build.0 = Debug|Any CPU
		{FD3A5059-87CA-474A-A97A-DCF918DDEF9A}.Debug|Any CPU.Deploy.0 = Debug|Any CPU
		{FD3A5059-87CA-474A-A97A-DCF918DDEF9A}.Debug|ARM.ActiveCfg = Debug|Any CPU
		{FD3A5059-87CA-474A-A97A-DCF918DDEF9A}.Debug|ARM.Build.0 = Debug|Any CPU
		{FD3A5059-87CA-474A-A97A-DCF918DDEF9A}.Debug|ARM.Deploy.0 = Debug|Any CPU
		{FD3A5059-87CA-474A-A97A-DCF918DDEF9A}.Debug|iPhone.ActiveCfg = Debug|Any CPU
		{FD3A5059-87CA-474A-A97A-DCF918DDEF9A}.Debug|iPhone.Build.0 = Debug|Any CPU
		{FD3A5059-87CA-474A-A97A-DCF918DDEF9A}.Debug|iPhone.Deploy.0 = Debug|Any CPU
		{FD3A5059-87CA-474A-A97A-DCF918DDEF9A}.Debug|iPhoneSimulator.ActiveCfg = Debug|Any CPU
		{FD3A5059-87CA-474A-A97A-DCF918DDEF9A}.Debug|iPhoneSimulator.Build.0 = Debug|Any CPU
		{FD3A5059-87CA-474A-A97A-DCF918DDEF9A}.Debug|iPhoneSimulator.Deploy.0 = Debug|Any CPU
		{FD3A5059-87CA-474A-A97A-DCF918DDEF9A}.Debug|x86.ActiveCfg = Debug|Any CPU
		{FD3A5059-87CA-474A-A97A-DCF918DDEF9A}.Debug|x86.Build.0 = Debug|Any CPU
		{FD3A5059-87CA-474A-A97A-DCF918DDEF9A}.Debug|x86.Deploy.0 = Debug|Any CPU
		{FD3A5059-87CA-474A-A97A-DCF918DDEF9A}.Release|Any CPU.ActiveCfg = Release|Any CPU
		{FD3A5059-87CA-474A-A97A-DCF918DDEF9A}.Release|Any CPU.Build.0 = Release|Any CPU
		{FD3A5059-87CA-474A-A97A-DCF918DDEF9A}.Release|Any CPU.Deploy.0 = Release|Any CPU
		{FD3A5059-87CA-474A-A97A-DCF918DDEF9A}.Release|ARM.ActiveCfg = Release|Any CPU
		{FD3A5059-87CA-474A-A97A-DCF918DDEF9A}.Release|ARM.Build.0 = Release|Any CPU
		{FD3A5059-87CA-474A-A97A-DCF918DDEF9A}.Release|ARM.Deploy.0 = Release|Any CPU
		{FD3A5059-87CA-474A-A97A-DCF918DDEF9A}.Release|iPhone.ActiveCfg = Release|Any CPU
		{FD3A5059-87CA-474A-A97A-DCF918DDEF9A}.Release|iPhone.Build.0 = Release|Any CPU
		{FD3A5059-87CA-474A-A97A-DCF918DDEF9A}.Release|iPhone.Deploy.0 = Release|Any CPU
		{FD3A5059-87CA-474A-A97A-DCF918DDEF9A}.Release|iPhoneSimulator.ActiveCfg = Release|Any CPU
		{FD3A5059-87CA-474A-A97A-DCF918DDEF9A}.Release|iPhoneSimulator.Build.0 = Release|Any CPU
		{FD3A5059-87CA-474A-A97A-DCF918DDEF9A}.Release|iPhoneSimulator.Deploy.0 = Release|Any CPU
		{FD3A5059-87CA-474A-A97A-DCF918DDEF9A}.Release|x86.ActiveCfg = Release|Any CPU
		{FD3A5059-87CA-474A-A97A-DCF918DDEF9A}.Release|x86.Build.0 = Release|Any CPU
		{FD3A5059-87CA-474A-A97A-DCF918DDEF9A}.Release|x86.Deploy.0 = Release|Any CPU
		{BBC7F4BE-AB45-416C-B666-BB7AA825218E}.Ad-Hoc|Any CPU.ActiveCfg = Release|Any CPU
		{BBC7F4BE-AB45-416C-B666-BB7AA825218E}.Ad-Hoc|Any CPU.Build.0 = Release|Any CPU
		{BBC7F4BE-AB45-416C-B666-BB7AA825218E}.Ad-Hoc|Any CPU.Deploy.0 = Release|Any CPU
		{BBC7F4BE-AB45-416C-B666-BB7AA825218E}.Ad-Hoc|ARM.ActiveCfg = Release|ARM
		{BBC7F4BE-AB45-416C-B666-BB7AA825218E}.Ad-Hoc|ARM.Build.0 = Release|ARM
		{BBC7F4BE-AB45-416C-B666-BB7AA825218E}.Ad-Hoc|ARM.Deploy.0 = Release|ARM
		{BBC7F4BE-AB45-416C-B666-BB7AA825218E}.Ad-Hoc|iPhone.ActiveCfg = Release|Any CPU
		{BBC7F4BE-AB45-416C-B666-BB7AA825218E}.Ad-Hoc|iPhone.Build.0 = Release|Any CPU
		{BBC7F4BE-AB45-416C-B666-BB7AA825218E}.Ad-Hoc|iPhone.Deploy.0 = Release|Any CPU
		{BBC7F4BE-AB45-416C-B666-BB7AA825218E}.Ad-Hoc|iPhoneSimulator.ActiveCfg = Release|Any CPU
		{BBC7F4BE-AB45-416C-B666-BB7AA825218E}.Ad-Hoc|iPhoneSimulator.Build.0 = Release|Any CPU
		{BBC7F4BE-AB45-416C-B666-BB7AA825218E}.Ad-Hoc|iPhoneSimulator.Deploy.0 = Release|Any CPU
		{BBC7F4BE-AB45-416C-B666-BB7AA825218E}.Ad-Hoc|x86.ActiveCfg = Release|x86
		{BBC7F4BE-AB45-416C-B666-BB7AA825218E}.Ad-Hoc|x86.Build.0 = Release|x86
		{BBC7F4BE-AB45-416C-B666-BB7AA825218E}.Ad-Hoc|x86.Deploy.0 = Release|x86
		{BBC7F4BE-AB45-416C-B666-BB7AA825218E}.AppStore|Any CPU.ActiveCfg = Release|Any CPU
		{BBC7F4BE-AB45-416C-B666-BB7AA825218E}.AppStore|Any CPU.Build.0 = Release|Any CPU
		{BBC7F4BE-AB45-416C-B666-BB7AA825218E}.AppStore|Any CPU.Deploy.0 = Release|Any CPU
		{BBC7F4BE-AB45-416C-B666-BB7AA825218E}.AppStore|ARM.ActiveCfg = Release|ARM
		{BBC7F4BE-AB45-416C-B666-BB7AA825218E}.AppStore|ARM.Build.0 = Release|ARM
		{BBC7F4BE-AB45-416C-B666-BB7AA825218E}.AppStore|ARM.Deploy.0 = Release|ARM
		{BBC7F4BE-AB45-416C-B666-BB7AA825218E}.AppStore|iPhone.ActiveCfg = Release|Any CPU
		{BBC7F4BE-AB45-416C-B666-BB7AA825218E}.AppStore|iPhone.Build.0 = Release|Any CPU
		{BBC7F4BE-AB45-416C-B666-BB7AA825218E}.AppStore|iPhone.Deploy.0 = Release|Any CPU
		{BBC7F4BE-AB45-416C-B666-BB7AA825218E}.AppStore|iPhoneSimulator.ActiveCfg = Release|Any CPU
		{BBC7F4BE-AB45-416C-B666-BB7AA825218E}.AppStore|iPhoneSimulator.Build.0 = Release|Any CPU
		{BBC7F4BE-AB45-416C-B666-BB7AA825218E}.AppStore|iPhoneSimulator.Deploy.0 = Release|Any CPU
		{BBC7F4BE-AB45-416C-B666-BB7AA825218E}.AppStore|x86.ActiveCfg = Release|x86
		{BBC7F4BE-AB45-416C-B666-BB7AA825218E}.AppStore|x86.Build.0 = Release|x86
		{BBC7F4BE-AB45-416C-B666-BB7AA825218E}.AppStore|x86.Deploy.0 = Release|x86
		{BBC7F4BE-AB45-416C-B666-BB7AA825218E}.Debug|Any CPU.ActiveCfg = Debug|Any CPU
		{BBC7F4BE-AB45-416C-B666-BB7AA825218E}.Debug|Any CPU.Build.0 = Debug|Any CPU
		{BBC7F4BE-AB45-416C-B666-BB7AA825218E}.Debug|Any CPU.Deploy.0 = Debug|Any CPU
		{BBC7F4BE-AB45-416C-B666-BB7AA825218E}.Debug|ARM.ActiveCfg = Debug|ARM
		{BBC7F4BE-AB45-416C-B666-BB7AA825218E}.Debug|ARM.Build.0 = Debug|ARM
		{BBC7F4BE-AB45-416C-B666-BB7AA825218E}.Debug|ARM.Deploy.0 = Debug|ARM
		{BBC7F4BE-AB45-416C-B666-BB7AA825218E}.Debug|iPhone.ActiveCfg = Debug|Any CPU
		{BBC7F4BE-AB45-416C-B666-BB7AA825218E}.Debug|iPhone.Build.0 = Debug|Any CPU
		{BBC7F4BE-AB45-416C-B666-BB7AA825218E}.Debug|iPhone.Deploy.0 = Debug|Any CPU
		{BBC7F4BE-AB45-416C-B666-BB7AA825218E}.Debug|iPhoneSimulator.ActiveCfg = Debug|Any CPU
		{BBC7F4BE-AB45-416C-B666-BB7AA825218E}.Debug|iPhoneSimulator.Build.0 = Debug|Any CPU
		{BBC7F4BE-AB45-416C-B666-BB7AA825218E}.Debug|iPhoneSimulator.Deploy.0 = Debug|Any CPU
		{BBC7F4BE-AB45-416C-B666-BB7AA825218E}.Debug|x86.ActiveCfg = Debug|x86
		{BBC7F4BE-AB45-416C-B666-BB7AA825218E}.Debug|x86.Build.0 = Debug|x86
		{BBC7F4BE-AB45-416C-B666-BB7AA825218E}.Debug|x86.Deploy.0 = Debug|x86
		{BBC7F4BE-AB45-416C-B666-BB7AA825218E}.Release|Any CPU.ActiveCfg = Release|Any CPU
		{BBC7F4BE-AB45-416C-B666-BB7AA825218E}.Release|Any CPU.Build.0 = Release|Any CPU
		{BBC7F4BE-AB45-416C-B666-BB7AA825218E}.Release|Any CPU.Deploy.0 = Release|Any CPU
		{BBC7F4BE-AB45-416C-B666-BB7AA825218E}.Release|ARM.ActiveCfg = Release|ARM
		{BBC7F4BE-AB45-416C-B666-BB7AA825218E}.Release|ARM.Build.0 = Release|ARM
		{BBC7F4BE-AB45-416C-B666-BB7AA825218E}.Release|ARM.Deploy.0 = Release|ARM
		{BBC7F4BE-AB45-416C-B666-BB7AA825218E}.Release|iPhone.ActiveCfg = Release|Any CPU
		{BBC7F4BE-AB45-416C-B666-BB7AA825218E}.Release|iPhone.Build.0 = Release|Any CPU
		{BBC7F4BE-AB45-416C-B666-BB7AA825218E}.Release|iPhone.Deploy.0 = Release|Any CPU
		{BBC7F4BE-AB45-416C-B666-BB7AA825218E}.Release|iPhoneSimulator.ActiveCfg = Release|Any CPU
		{BBC7F4BE-AB45-416C-B666-BB7AA825218E}.Release|iPhoneSimulator.Build.0 = Release|Any CPU
		{BBC7F4BE-AB45-416C-B666-BB7AA825218E}.Release|iPhoneSimulator.Deploy.0 = Release|Any CPU
		{BBC7F4BE-AB45-416C-B666-BB7AA825218E}.Release|x86.ActiveCfg = Release|x86
		{BBC7F4BE-AB45-416C-B666-BB7AA825218E}.Release|x86.Build.0 = Release|x86
		{BBC7F4BE-AB45-416C-B666-BB7AA825218E}.Release|x86.Deploy.0 = Release|x86
		{7D4EE940-FA61-46F9-8FB3-863E5819A244}.Ad-Hoc|Any CPU.ActiveCfg = Release|Any CPU
		{7D4EE940-FA61-46F9-8FB3-863E5819A244}.Ad-Hoc|Any CPU.Build.0 = Release|Any CPU
		{7D4EE940-FA61-46F9-8FB3-863E5819A244}.Ad-Hoc|ARM.ActiveCfg = Release|Any CPU
		{7D4EE940-FA61-46F9-8FB3-863E5819A244}.Ad-Hoc|ARM.Build.0 = Release|Any CPU
		{7D4EE940-FA61-46F9-8FB3-863E5819A244}.Ad-Hoc|iPhone.ActiveCfg = Release|Any CPU
		{7D4EE940-FA61-46F9-8FB3-863E5819A244}.Ad-Hoc|iPhone.Build.0 = Release|Any CPU
		{7D4EE940-FA61-46F9-8FB3-863E5819A244}.Ad-Hoc|iPhoneSimulator.ActiveCfg = Release|Any CPU
		{7D4EE940-FA61-46F9-8FB3-863E5819A244}.Ad-Hoc|iPhoneSimulator.Build.0 = Release|Any CPU
		{7D4EE940-FA61-46F9-8FB3-863E5819A244}.Ad-Hoc|x86.ActiveCfg = Release|Any CPU
		{7D4EE940-FA61-46F9-8FB3-863E5819A244}.Ad-Hoc|x86.Build.0 = Release|Any CPU
		{7D4EE940-FA61-46F9-8FB3-863E5819A244}.AppStore|Any CPU.ActiveCfg = Release|Any CPU
		{7D4EE940-FA61-46F9-8FB3-863E5819A244}.AppStore|Any CPU.Build.0 = Release|Any CPU
		{7D4EE940-FA61-46F9-8FB3-863E5819A244}.AppStore|ARM.ActiveCfg = Release|Any CPU
		{7D4EE940-FA61-46F9-8FB3-863E5819A244}.AppStore|ARM.Build.0 = Release|Any CPU
		{7D4EE940-FA61-46F9-8FB3-863E5819A244}.AppStore|iPhone.ActiveCfg = Release|Any CPU
		{7D4EE940-FA61-46F9-8FB3-863E5819A244}.AppStore|iPhone.Build.0 = Release|Any CPU
		{7D4EE940-FA61-46F9-8FB3-863E5819A244}.AppStore|iPhoneSimulator.ActiveCfg = Release|Any CPU
		{7D4EE940-FA61-46F9-8FB3-863E5819A244}.AppStore|iPhoneSimulator.Build.0 = Release|Any CPU
		{7D4EE940-FA61-46F9-8FB3-863E5819A244}.AppStore|x86.ActiveCfg = Release|Any CPU
		{7D4EE940-FA61-46F9-8FB3-863E5819A244}.AppStore|x86.Build.0 = Release|Any CPU
		{7D4EE940-FA61-46F9-8FB3-863E5819A244}.Debug|Any CPU.ActiveCfg = Debug|Any CPU
		{7D4EE940-FA61-46F9-8FB3-863E5819A244}.Debug|Any CPU.Build.0 = Debug|Any CPU
		{7D4EE940-FA61-46F9-8FB3-863E5819A244}.Debug|ARM.ActiveCfg = Debug|Any CPU
		{7D4EE940-FA61-46F9-8FB3-863E5819A244}.Debug|ARM.Build.0 = Debug|Any CPU
		{7D4EE940-FA61-46F9-8FB3-863E5819A244}.Debug|iPhone.ActiveCfg = Debug|Any CPU
		{7D4EE940-FA61-46F9-8FB3-863E5819A244}.Debug|iPhone.Build.0 = Debug|Any CPU
		{7D4EE940-FA61-46F9-8FB3-863E5819A244}.Debug|iPhoneSimulator.ActiveCfg = Debug|Any CPU
		{7D4EE940-FA61-46F9-8FB3-863E5819A244}.Debug|iPhoneSimulator.Build.0 = Debug|Any CPU
		{7D4EE940-FA61-46F9-8FB3-863E5819A244}.Debug|x86.ActiveCfg = Debug|Any CPU
		{7D4EE940-FA61-46F9-8FB3-863E5819A244}.Debug|x86.Build.0 = Debug|Any CPU
		{7D4EE940-FA61-46F9-8FB3-863E5819A244}.Release|Any CPU.ActiveCfg = Release|Any CPU
		{7D4EE940-FA61-46F9-8FB3-863E5819A244}.Release|Any CPU.Build.0 = Release|Any CPU
		{7D4EE940-FA61-46F9-8FB3-863E5819A244}.Release|ARM.ActiveCfg = Release|Any CPU
		{7D4EE940-FA61-46F9-8FB3-863E5819A244}.Release|ARM.Build.0 = Release|Any CPU
		{7D4EE940-FA61-46F9-8FB3-863E5819A244}.Release|iPhone.ActiveCfg = Release|Any CPU
		{7D4EE940-FA61-46F9-8FB3-863E5819A244}.Release|iPhone.Build.0 = Release|Any CPU
		{7D4EE940-FA61-46F9-8FB3-863E5819A244}.Release|iPhoneSimulator.ActiveCfg = Release|Any CPU
		{7D4EE940-FA61-46F9-8FB3-863E5819A244}.Release|iPhoneSimulator.Build.0 = Release|Any CPU
		{7D4EE940-FA61-46F9-8FB3-863E5819A244}.Release|x86.ActiveCfg = Release|Any CPU
		{7D4EE940-FA61-46F9-8FB3-863E5819A244}.Release|x86.Build.0 = Release|Any CPU
		{B82AFC61-715E-49B3-AF34-D9CA3B2C18D3}.Ad-Hoc|Any CPU.ActiveCfg = Ad-Hoc|iPhone
		{B82AFC61-715E-49B3-AF34-D9CA3B2C18D3}.Ad-Hoc|ARM.ActiveCfg = Ad-Hoc|iPhone
		{B82AFC61-715E-49B3-AF34-D9CA3B2C18D3}.Ad-Hoc|iPhone.ActiveCfg = Ad-Hoc|iPhone
		{B82AFC61-715E-49B3-AF34-D9CA3B2C18D3}.Ad-Hoc|iPhone.Build.0 = Ad-Hoc|iPhone
		{B82AFC61-715E-49B3-AF34-D9CA3B2C18D3}.Ad-Hoc|iPhoneSimulator.ActiveCfg = Ad-Hoc|iPhoneSimulator
		{B82AFC61-715E-49B3-AF34-D9CA3B2C18D3}.Ad-Hoc|iPhoneSimulator.Build.0 = Ad-Hoc|iPhoneSimulator
		{B82AFC61-715E-49B3-AF34-D9CA3B2C18D3}.Ad-Hoc|x86.ActiveCfg = Ad-Hoc|iPhone
		{B82AFC61-715E-49B3-AF34-D9CA3B2C18D3}.AppStore|Any CPU.ActiveCfg = AppStore|iPhone
		{B82AFC61-715E-49B3-AF34-D9CA3B2C18D3}.AppStore|ARM.ActiveCfg = AppStore|iPhone
		{B82AFC61-715E-49B3-AF34-D9CA3B2C18D3}.AppStore|iPhone.ActiveCfg = AppStore|iPhone
		{B82AFC61-715E-49B3-AF34-D9CA3B2C18D3}.AppStore|iPhone.Build.0 = AppStore|iPhone
		{B82AFC61-715E-49B3-AF34-D9CA3B2C18D3}.AppStore|iPhoneSimulator.ActiveCfg = AppStore|iPhoneSimulator
		{B82AFC61-715E-49B3-AF34-D9CA3B2C18D3}.AppStore|iPhoneSimulator.Build.0 = AppStore|iPhoneSimulator
		{B82AFC61-715E-49B3-AF34-D9CA3B2C18D3}.AppStore|x86.ActiveCfg = AppStore|iPhone
		{B82AFC61-715E-49B3-AF34-D9CA3B2C18D3}.Debug|Any CPU.ActiveCfg = Debug|iPhone
		{B82AFC61-715E-49B3-AF34-D9CA3B2C18D3}.Debug|ARM.ActiveCfg = Debug|iPhone
		{B82AFC61-715E-49B3-AF34-D9CA3B2C18D3}.Debug|iPhone.ActiveCfg = Debug|iPhone
		{B82AFC61-715E-49B3-AF34-D9CA3B2C18D3}.Debug|iPhone.Build.0 = Debug|iPhone
		{B82AFC61-715E-49B3-AF34-D9CA3B2C18D3}.Debug|iPhoneSimulator.ActiveCfg = Debug|iPhoneSimulator
		{B82AFC61-715E-49B3-AF34-D9CA3B2C18D3}.Debug|iPhoneSimulator.Build.0 = Debug|iPhoneSimulator
		{B82AFC61-715E-49B3-AF34-D9CA3B2C18D3}.Debug|x86.ActiveCfg = Debug|iPhone
		{B82AFC61-715E-49B3-AF34-D9CA3B2C18D3}.Release|Any CPU.ActiveCfg = Release|iPhone
		{B82AFC61-715E-49B3-AF34-D9CA3B2C18D3}.Release|ARM.ActiveCfg = Release|iPhone
		{B82AFC61-715E-49B3-AF34-D9CA3B2C18D3}.Release|iPhone.ActiveCfg = Release|iPhone
		{B82AFC61-715E-49B3-AF34-D9CA3B2C18D3}.Release|iPhone.Build.0 = Release|iPhone
		{B82AFC61-715E-49B3-AF34-D9CA3B2C18D3}.Release|iPhoneSimulator.ActiveCfg = Release|iPhoneSimulator
		{B82AFC61-715E-49B3-AF34-D9CA3B2C18D3}.Release|iPhoneSimulator.Build.0 = Release|iPhoneSimulator
		{B82AFC61-715E-49B3-AF34-D9CA3B2C18D3}.Release|x86.ActiveCfg = Release|iPhone
		{5E010223-CF48-4BC9-BB76-8B1F4471D10B}.Ad-Hoc|Any CPU.ActiveCfg = Release|Any CPU
		{5E010223-CF48-4BC9-BB76-8B1F4471D10B}.Ad-Hoc|Any CPU.Build.0 = Release|Any CPU
		{5E010223-CF48-4BC9-BB76-8B1F4471D10B}.Ad-Hoc|Any CPU.Deploy.0 = Release|Any CPU
		{5E010223-CF48-4BC9-BB76-8B1F4471D10B}.Ad-Hoc|ARM.ActiveCfg = Release|Any CPU
		{5E010223-CF48-4BC9-BB76-8B1F4471D10B}.Ad-Hoc|ARM.Build.0 = Release|Any CPU
		{5E010223-CF48-4BC9-BB76-8B1F4471D10B}.Ad-Hoc|ARM.Deploy.0 = Release|Any CPU
		{5E010223-CF48-4BC9-BB76-8B1F4471D10B}.Ad-Hoc|iPhone.ActiveCfg = Release|Any CPU
		{5E010223-CF48-4BC9-BB76-8B1F4471D10B}.Ad-Hoc|iPhone.Build.0 = Release|Any CPU
		{5E010223-CF48-4BC9-BB76-8B1F4471D10B}.Ad-Hoc|iPhone.Deploy.0 = Release|Any CPU
		{5E010223-CF48-4BC9-BB76-8B1F4471D10B}.Ad-Hoc|iPhoneSimulator.ActiveCfg = Release|Any CPU
		{5E010223-CF48-4BC9-BB76-8B1F4471D10B}.Ad-Hoc|iPhoneSimulator.Build.0 = Release|Any CPU
		{5E010223-CF48-4BC9-BB76-8B1F4471D10B}.Ad-Hoc|iPhoneSimulator.Deploy.0 = Release|Any CPU
		{5E010223-CF48-4BC9-BB76-8B1F4471D10B}.Ad-Hoc|x86.ActiveCfg = Release|Any CPU
		{5E010223-CF48-4BC9-BB76-8B1F4471D10B}.Ad-Hoc|x86.Build.0 = Release|Any CPU
		{5E010223-CF48-4BC9-BB76-8B1F4471D10B}.Ad-Hoc|x86.Deploy.0 = Release|Any CPU
		{5E010223-CF48-4BC9-BB76-8B1F4471D10B}.AppStore|Any CPU.ActiveCfg = Release|Any CPU
		{5E010223-CF48-4BC9-BB76-8B1F4471D10B}.AppStore|Any CPU.Build.0 = Release|Any CPU
		{5E010223-CF48-4BC9-BB76-8B1F4471D10B}.AppStore|Any CPU.Deploy.0 = Release|Any CPU
		{5E010223-CF48-4BC9-BB76-8B1F4471D10B}.AppStore|ARM.ActiveCfg = Release|Any CPU
		{5E010223-CF48-4BC9-BB76-8B1F4471D10B}.AppStore|ARM.Build.0 = Release|Any CPU
		{5E010223-CF48-4BC9-BB76-8B1F4471D10B}.AppStore|ARM.Deploy.0 = Release|Any CPU
		{5E010223-CF48-4BC9-BB76-8B1F4471D10B}.AppStore|iPhone.ActiveCfg = Release|Any CPU
		{5E010223-CF48-4BC9-BB76-8B1F4471D10B}.AppStore|iPhone.Build.0 = Release|Any CPU
		{5E010223-CF48-4BC9-BB76-8B1F4471D10B}.AppStore|iPhone.Deploy.0 = Release|Any CPU
		{5E010223-CF48-4BC9-BB76-8B1F4471D10B}.AppStore|iPhoneSimulator.ActiveCfg = Release|Any CPU
		{5E010223-CF48-4BC9-BB76-8B1F4471D10B}.AppStore|iPhoneSimulator.Build.0 = Release|Any CPU
		{5E010223-CF48-4BC9-BB76-8B1F4471D10B}.AppStore|iPhoneSimulator.Deploy.0 = Release|Any CPU
		{5E010223-CF48-4BC9-BB76-8B1F4471D10B}.AppStore|x86.ActiveCfg = Release|Any CPU
		{5E010223-CF48-4BC9-BB76-8B1F4471D10B}.AppStore|x86.Build.0 = Release|Any CPU
		{5E010223-CF48-4BC9-BB76-8B1F4471D10B}.AppStore|x86.Deploy.0 = Release|Any CPU
		{5E010223-CF48-4BC9-BB76-8B1F4471D10B}.Debug|Any CPU.ActiveCfg = Debug|Any CPU
		{5E010223-CF48-4BC9-BB76-8B1F4471D10B}.Debug|Any CPU.Build.0 = Debug|Any CPU
		{5E010223-CF48-4BC9-BB76-8B1F4471D10B}.Debug|Any CPU.Deploy.0 = Debug|Any CPU
		{5E010223-CF48-4BC9-BB76-8B1F4471D10B}.Debug|ARM.ActiveCfg = Debug|Any CPU
		{5E010223-CF48-4BC9-BB76-8B1F4471D10B}.Debug|ARM.Build.0 = Debug|Any CPU
		{5E010223-CF48-4BC9-BB76-8B1F4471D10B}.Debug|ARM.Deploy.0 = Debug|Any CPU
		{5E010223-CF48-4BC9-BB76-8B1F4471D10B}.Debug|iPhone.ActiveCfg = Debug|Any CPU
		{5E010223-CF48-4BC9-BB76-8B1F4471D10B}.Debug|iPhone.Build.0 = Debug|Any CPU
		{5E010223-CF48-4BC9-BB76-8B1F4471D10B}.Debug|iPhone.Deploy.0 = Debug|Any CPU
		{5E010223-CF48-4BC9-BB76-8B1F4471D10B}.Debug|iPhoneSimulator.ActiveCfg = Debug|Any CPU
		{5E010223-CF48-4BC9-BB76-8B1F4471D10B}.Debug|iPhoneSimulator.Build.0 = Debug|Any CPU
		{5E010223-CF48-4BC9-BB76-8B1F4471D10B}.Debug|iPhoneSimulator.Deploy.0 = Debug|Any CPU
		{5E010223-CF48-4BC9-BB76-8B1F4471D10B}.Debug|x86.ActiveCfg = Debug|Any CPU
		{5E010223-CF48-4BC9-BB76-8B1F4471D10B}.Debug|x86.Build.0 = Debug|Any CPU
		{5E010223-CF48-4BC9-BB76-8B1F4471D10B}.Debug|x86.Deploy.0 = Debug|Any CPU
		{5E010223-CF48-4BC9-BB76-8B1F4471D10B}.Release|Any CPU.ActiveCfg = Release|Any CPU
		{5E010223-CF48-4BC9-BB76-8B1F4471D10B}.Release|Any CPU.Build.0 = Release|Any CPU
		{5E010223-CF48-4BC9-BB76-8B1F4471D10B}.Release|Any CPU.Deploy.0 = Release|Any CPU
		{5E010223-CF48-4BC9-BB76-8B1F4471D10B}.Release|ARM.ActiveCfg = Release|Any CPU
		{5E010223-CF48-4BC9-BB76-8B1F4471D10B}.Release|ARM.Build.0 = Release|Any CPU
		{5E010223-CF48-4BC9-BB76-8B1F4471D10B}.Release|ARM.Deploy.0 = Release|Any CPU
		{5E010223-CF48-4BC9-BB76-8B1F4471D10B}.Release|iPhone.ActiveCfg = Release|Any CPU
		{5E010223-CF48-4BC9-BB76-8B1F4471D10B}.Release|iPhone.Build.0 = Release|Any CPU
		{5E010223-CF48-4BC9-BB76-8B1F4471D10B}.Release|iPhone.Deploy.0 = Release|Any CPU
		{5E010223-CF48-4BC9-BB76-8B1F4471D10B}.Release|iPhoneSimulator.ActiveCfg = Release|Any CPU
		{5E010223-CF48-4BC9-BB76-8B1F4471D10B}.Release|iPhoneSimulator.Build.0 = Release|Any CPU
		{5E010223-CF48-4BC9-BB76-8B1F4471D10B}.Release|iPhoneSimulator.Deploy.0 = Release|Any CPU
		{5E010223-CF48-4BC9-BB76-8B1F4471D10B}.Release|x86.ActiveCfg = Release|Any CPU
		{5E010223-CF48-4BC9-BB76-8B1F4471D10B}.Release|x86.Build.0 = Release|Any CPU
		{5E010223-CF48-4BC9-BB76-8B1F4471D10B}.Release|x86.Deploy.0 = Release|Any CPU
		{EA8243DB-0AC4-4A14-87F8-4BDE005FAF9E}.Ad-Hoc|Any CPU.ActiveCfg = Release|Any CPU
		{EA8243DB-0AC4-4A14-87F8-4BDE005FAF9E}.Ad-Hoc|Any CPU.Build.0 = Release|Any CPU
		{EA8243DB-0AC4-4A14-87F8-4BDE005FAF9E}.Ad-Hoc|Any CPU.Deploy.0 = Release|Any CPU
		{EA8243DB-0AC4-4A14-87F8-4BDE005FAF9E}.Ad-Hoc|ARM.ActiveCfg = Release|ARM
		{EA8243DB-0AC4-4A14-87F8-4BDE005FAF9E}.Ad-Hoc|ARM.Build.0 = Release|ARM
		{EA8243DB-0AC4-4A14-87F8-4BDE005FAF9E}.Ad-Hoc|ARM.Deploy.0 = Release|ARM
		{EA8243DB-0AC4-4A14-87F8-4BDE005FAF9E}.Ad-Hoc|iPhone.ActiveCfg = Release|Any CPU
		{EA8243DB-0AC4-4A14-87F8-4BDE005FAF9E}.Ad-Hoc|iPhone.Build.0 = Release|Any CPU
		{EA8243DB-0AC4-4A14-87F8-4BDE005FAF9E}.Ad-Hoc|iPhone.Deploy.0 = Release|Any CPU
		{EA8243DB-0AC4-4A14-87F8-4BDE005FAF9E}.Ad-Hoc|iPhoneSimulator.ActiveCfg = Release|Any CPU
		{EA8243DB-0AC4-4A14-87F8-4BDE005FAF9E}.Ad-Hoc|iPhoneSimulator.Build.0 = Release|Any CPU
		{EA8243DB-0AC4-4A14-87F8-4BDE005FAF9E}.Ad-Hoc|iPhoneSimulator.Deploy.0 = Release|Any CPU
		{EA8243DB-0AC4-4A14-87F8-4BDE005FAF9E}.Ad-Hoc|x86.ActiveCfg = Release|x86
		{EA8243DB-0AC4-4A14-87F8-4BDE005FAF9E}.Ad-Hoc|x86.Build.0 = Release|x86
		{EA8243DB-0AC4-4A14-87F8-4BDE005FAF9E}.Ad-Hoc|x86.Deploy.0 = Release|x86
		{EA8243DB-0AC4-4A14-87F8-4BDE005FAF9E}.AppStore|Any CPU.ActiveCfg = Release|Any CPU
		{EA8243DB-0AC4-4A14-87F8-4BDE005FAF9E}.AppStore|Any CPU.Build.0 = Release|Any CPU
		{EA8243DB-0AC4-4A14-87F8-4BDE005FAF9E}.AppStore|Any CPU.Deploy.0 = Release|Any CPU
		{EA8243DB-0AC4-4A14-87F8-4BDE005FAF9E}.AppStore|ARM.ActiveCfg = Release|ARM
		{EA8243DB-0AC4-4A14-87F8-4BDE005FAF9E}.AppStore|ARM.Build.0 = Release|ARM
		{EA8243DB-0AC4-4A14-87F8-4BDE005FAF9E}.AppStore|ARM.Deploy.0 = Release|ARM
		{EA8243DB-0AC4-4A14-87F8-4BDE005FAF9E}.AppStore|iPhone.ActiveCfg = Release|Any CPU
		{EA8243DB-0AC4-4A14-87F8-4BDE005FAF9E}.AppStore|iPhone.Build.0 = Release|Any CPU
		{EA8243DB-0AC4-4A14-87F8-4BDE005FAF9E}.AppStore|iPhone.Deploy.0 = Release|Any CPU
		{EA8243DB-0AC4-4A14-87F8-4BDE005FAF9E}.AppStore|iPhoneSimulator.ActiveCfg = Release|Any CPU
		{EA8243DB-0AC4-4A14-87F8-4BDE005FAF9E}.AppStore|iPhoneSimulator.Build.0 = Release|Any CPU
		{EA8243DB-0AC4-4A14-87F8-4BDE005FAF9E}.AppStore|iPhoneSimulator.Deploy.0 = Release|Any CPU
		{EA8243DB-0AC4-4A14-87F8-4BDE005FAF9E}.AppStore|x86.ActiveCfg = Release|x86
		{EA8243DB-0AC4-4A14-87F8-4BDE005FAF9E}.AppStore|x86.Build.0 = Release|x86
		{EA8243DB-0AC4-4A14-87F8-4BDE005FAF9E}.AppStore|x86.Deploy.0 = Release|x86
		{EA8243DB-0AC4-4A14-87F8-4BDE005FAF9E}.Debug|Any CPU.ActiveCfg = Debug|Any CPU
		{EA8243DB-0AC4-4A14-87F8-4BDE005FAF9E}.Debug|Any CPU.Build.0 = Debug|Any CPU
		{EA8243DB-0AC4-4A14-87F8-4BDE005FAF9E}.Debug|Any CPU.Deploy.0 = Debug|Any CPU
		{EA8243DB-0AC4-4A14-87F8-4BDE005FAF9E}.Debug|ARM.ActiveCfg = Debug|ARM
		{EA8243DB-0AC4-4A14-87F8-4BDE005FAF9E}.Debug|ARM.Build.0 = Debug|ARM
		{EA8243DB-0AC4-4A14-87F8-4BDE005FAF9E}.Debug|ARM.Deploy.0 = Debug|ARM
		{EA8243DB-0AC4-4A14-87F8-4BDE005FAF9E}.Debug|iPhone.ActiveCfg = Debug|Any CPU
		{EA8243DB-0AC4-4A14-87F8-4BDE005FAF9E}.Debug|iPhone.Build.0 = Debug|Any CPU
		{EA8243DB-0AC4-4A14-87F8-4BDE005FAF9E}.Debug|iPhone.Deploy.0 = Debug|Any CPU
		{EA8243DB-0AC4-4A14-87F8-4BDE005FAF9E}.Debug|iPhoneSimulator.ActiveCfg = Debug|Any CPU
		{EA8243DB-0AC4-4A14-87F8-4BDE005FAF9E}.Debug|iPhoneSimulator.Build.0 = Debug|Any CPU
		{EA8243DB-0AC4-4A14-87F8-4BDE005FAF9E}.Debug|iPhoneSimulator.Deploy.0 = Debug|Any CPU
		{EA8243DB-0AC4-4A14-87F8-4BDE005FAF9E}.Debug|x86.ActiveCfg = Debug|x86
		{EA8243DB-0AC4-4A14-87F8-4BDE005FAF9E}.Debug|x86.Build.0 = Debug|x86
		{EA8243DB-0AC4-4A14-87F8-4BDE005FAF9E}.Debug|x86.Deploy.0 = Debug|x86
		{EA8243DB-0AC4-4A14-87F8-4BDE005FAF9E}.Release|Any CPU.ActiveCfg = Release|Any CPU
		{EA8243DB-0AC4-4A14-87F8-4BDE005FAF9E}.Release|Any CPU.Build.0 = Release|Any CPU
		{EA8243DB-0AC4-4A14-87F8-4BDE005FAF9E}.Release|Any CPU.Deploy.0 = Release|Any CPU
		{EA8243DB-0AC4-4A14-87F8-4BDE005FAF9E}.Release|ARM.ActiveCfg = Release|ARM
		{EA8243DB-0AC4-4A14-87F8-4BDE005FAF9E}.Release|ARM.Build.0 = Release|ARM
		{EA8243DB-0AC4-4A14-87F8-4BDE005FAF9E}.Release|ARM.Deploy.0 = Release|ARM
		{EA8243DB-0AC4-4A14-87F8-4BDE005FAF9E}.Release|iPhone.ActiveCfg = Release|Any CPU
		{EA8243DB-0AC4-4A14-87F8-4BDE005FAF9E}.Release|iPhone.Build.0 = Release|Any CPU
		{EA8243DB-0AC4-4A14-87F8-4BDE005FAF9E}.Release|iPhone.Deploy.0 = Release|Any CPU
		{EA8243DB-0AC4-4A14-87F8-4BDE005FAF9E}.Release|iPhoneSimulator.ActiveCfg = Release|Any CPU
		{EA8243DB-0AC4-4A14-87F8-4BDE005FAF9E}.Release|iPhoneSimulator.Build.0 = Release|Any CPU
		{EA8243DB-0AC4-4A14-87F8-4BDE005FAF9E}.Release|iPhoneSimulator.Deploy.0 = Release|Any CPU
		{EA8243DB-0AC4-4A14-87F8-4BDE005FAF9E}.Release|x86.ActiveCfg = Release|x86
		{EA8243DB-0AC4-4A14-87F8-4BDE005FAF9E}.Release|x86.Build.0 = Release|x86
		{EA8243DB-0AC4-4A14-87F8-4BDE005FAF9E}.Release|x86.Deploy.0 = Release|x86
		{85A5211A-EB90-4B7D-89E9-A04A7EDB0360}.Ad-Hoc|Any CPU.ActiveCfg = Release|Any CPU
		{85A5211A-EB90-4B7D-89E9-A04A7EDB0360}.Ad-Hoc|Any CPU.Build.0 = Release|Any CPU
		{85A5211A-EB90-4B7D-89E9-A04A7EDB0360}.Ad-Hoc|ARM.ActiveCfg = Release|Any CPU
		{85A5211A-EB90-4B7D-89E9-A04A7EDB0360}.Ad-Hoc|ARM.Build.0 = Release|Any CPU
		{85A5211A-EB90-4B7D-89E9-A04A7EDB0360}.Ad-Hoc|iPhone.ActiveCfg = Release|Any CPU
		{85A5211A-EB90-4B7D-89E9-A04A7EDB0360}.Ad-Hoc|iPhone.Build.0 = Release|Any CPU
		{85A5211A-EB90-4B7D-89E9-A04A7EDB0360}.Ad-Hoc|iPhoneSimulator.ActiveCfg = Release|Any CPU
		{85A5211A-EB90-4B7D-89E9-A04A7EDB0360}.Ad-Hoc|iPhoneSimulator.Build.0 = Release|Any CPU
		{85A5211A-EB90-4B7D-89E9-A04A7EDB0360}.Ad-Hoc|x86.ActiveCfg = Release|Any CPU
		{85A5211A-EB90-4B7D-89E9-A04A7EDB0360}.Ad-Hoc|x86.Build.0 = Release|Any CPU
		{85A5211A-EB90-4B7D-89E9-A04A7EDB0360}.AppStore|Any CPU.ActiveCfg = Release|Any CPU
		{85A5211A-EB90-4B7D-89E9-A04A7EDB0360}.AppStore|Any CPU.Build.0 = Release|Any CPU
		{85A5211A-EB90-4B7D-89E9-A04A7EDB0360}.AppStore|ARM.ActiveCfg = Release|Any CPU
		{85A5211A-EB90-4B7D-89E9-A04A7EDB0360}.AppStore|ARM.Build.0 = Release|Any CPU
		{85A5211A-EB90-4B7D-89E9-A04A7EDB0360}.AppStore|iPhone.ActiveCfg = Release|Any CPU
		{85A5211A-EB90-4B7D-89E9-A04A7EDB0360}.AppStore|iPhone.Build.0 = Release|Any CPU
		{85A5211A-EB90-4B7D-89E9-A04A7EDB0360}.AppStore|iPhoneSimulator.ActiveCfg = Release|Any CPU
		{85A5211A-EB90-4B7D-89E9-A04A7EDB0360}.AppStore|iPhoneSimulator.Build.0 = Release|Any CPU
		{85A5211A-EB90-4B7D-89E9-A04A7EDB0360}.AppStore|x86.ActiveCfg = Release|Any CPU
		{85A5211A-EB90-4B7D-89E9-A04A7EDB0360}.AppStore|x86.Build.0 = Release|Any CPU
		{85A5211A-EB90-4B7D-89E9-A04A7EDB0360}.Debug|Any CPU.ActiveCfg = Debug|Any CPU
		{85A5211A-EB90-4B7D-89E9-A04A7EDB0360}.Debug|Any CPU.Build.0 = Debug|Any CPU
		{85A5211A-EB90-4B7D-89E9-A04A7EDB0360}.Debug|ARM.ActiveCfg = Debug|Any CPU
		{85A5211A-EB90-4B7D-89E9-A04A7EDB0360}.Debug|ARM.Build.0 = Debug|Any CPU
		{85A5211A-EB90-4B7D-89E9-A04A7EDB0360}.Debug|iPhone.ActiveCfg = Debug|Any CPU
		{85A5211A-EB90-4B7D-89E9-A04A7EDB0360}.Debug|iPhone.Build.0 = Debug|Any CPU
		{85A5211A-EB90-4B7D-89E9-A04A7EDB0360}.Debug|iPhoneSimulator.ActiveCfg = Debug|Any CPU
		{85A5211A-EB90-4B7D-89E9-A04A7EDB0360}.Debug|iPhoneSimulator.Build.0 = Debug|Any CPU
		{85A5211A-EB90-4B7D-89E9-A04A7EDB0360}.Debug|x86.ActiveCfg = Debug|Any CPU
		{85A5211A-EB90-4B7D-89E9-A04A7EDB0360}.Debug|x86.Build.0 = Debug|Any CPU
		{85A5211A-EB90-4B7D-89E9-A04A7EDB0360}.Release|Any CPU.ActiveCfg = Release|Any CPU
		{85A5211A-EB90-4B7D-89E9-A04A7EDB0360}.Release|Any CPU.Build.0 = Release|Any CPU
		{85A5211A-EB90-4B7D-89E9-A04A7EDB0360}.Release|ARM.ActiveCfg = Release|Any CPU
		{85A5211A-EB90-4B7D-89E9-A04A7EDB0360}.Release|ARM.Build.0 = Release|Any CPU
		{85A5211A-EB90-4B7D-89E9-A04A7EDB0360}.Release|iPhone.ActiveCfg = Release|Any CPU
		{85A5211A-EB90-4B7D-89E9-A04A7EDB0360}.Release|iPhone.Build.0 = Release|Any CPU
		{85A5211A-EB90-4B7D-89E9-A04A7EDB0360}.Release|iPhoneSimulator.ActiveCfg = Release|Any CPU
		{85A5211A-EB90-4B7D-89E9-A04A7EDB0360}.Release|iPhoneSimulator.Build.0 = Release|Any CPU
		{85A5211A-EB90-4B7D-89E9-A04A7EDB0360}.Release|x86.ActiveCfg = Release|Any CPU
		{85A5211A-EB90-4B7D-89E9-A04A7EDB0360}.Release|x86.Build.0 = Release|Any CPU
		{B697E87D-6885-483F-9600-31FD21EBC385}.Ad-Hoc|Any CPU.ActiveCfg = Ad-Hoc|iPhone
		{B697E87D-6885-483F-9600-31FD21EBC385}.Ad-Hoc|ARM.ActiveCfg = Ad-Hoc|iPhone
		{B697E87D-6885-483F-9600-31FD21EBC385}.Ad-Hoc|iPhone.ActiveCfg = Ad-Hoc|iPhone
		{B697E87D-6885-483F-9600-31FD21EBC385}.Ad-Hoc|iPhone.Build.0 = Ad-Hoc|iPhone
		{B697E87D-6885-483F-9600-31FD21EBC385}.Ad-Hoc|iPhoneSimulator.ActiveCfg = Ad-Hoc|iPhoneSimulator
		{B697E87D-6885-483F-9600-31FD21EBC385}.Ad-Hoc|iPhoneSimulator.Build.0 = Ad-Hoc|iPhoneSimulator
		{B697E87D-6885-483F-9600-31FD21EBC385}.Ad-Hoc|x86.ActiveCfg = Ad-Hoc|iPhone
		{B697E87D-6885-483F-9600-31FD21EBC385}.AppStore|Any CPU.ActiveCfg = AppStore|iPhone
		{B697E87D-6885-483F-9600-31FD21EBC385}.AppStore|ARM.ActiveCfg = AppStore|iPhone
		{B697E87D-6885-483F-9600-31FD21EBC385}.AppStore|iPhone.ActiveCfg = AppStore|iPhone
		{B697E87D-6885-483F-9600-31FD21EBC385}.AppStore|iPhone.Build.0 = AppStore|iPhone
		{B697E87D-6885-483F-9600-31FD21EBC385}.AppStore|iPhoneSimulator.ActiveCfg = AppStore|iPhoneSimulator
		{B697E87D-6885-483F-9600-31FD21EBC385}.AppStore|iPhoneSimulator.Build.0 = AppStore|iPhoneSimulator
		{B697E87D-6885-483F-9600-31FD21EBC385}.AppStore|x86.ActiveCfg = AppStore|iPhone
		{B697E87D-6885-483F-9600-31FD21EBC385}.Debug|Any CPU.ActiveCfg = Debug|iPhone
		{B697E87D-6885-483F-9600-31FD21EBC385}.Debug|ARM.ActiveCfg = Debug|iPhone
		{B697E87D-6885-483F-9600-31FD21EBC385}.Debug|iPhone.ActiveCfg = Debug|iPhone
		{B697E87D-6885-483F-9600-31FD21EBC385}.Debug|iPhone.Build.0 = Debug|iPhone
		{B697E87D-6885-483F-9600-31FD21EBC385}.Debug|iPhoneSimulator.ActiveCfg = Debug|iPhoneSimulator
		{B697E87D-6885-483F-9600-31FD21EBC385}.Debug|iPhoneSimulator.Build.0 = Debug|iPhoneSimulator
		{B697E87D-6885-483F-9600-31FD21EBC385}.Debug|x86.ActiveCfg = Debug|iPhone
		{B697E87D-6885-483F-9600-31FD21EBC385}.Release|Any CPU.ActiveCfg = Release|iPhone
		{B697E87D-6885-483F-9600-31FD21EBC385}.Release|ARM.ActiveCfg = Release|iPhone
		{B697E87D-6885-483F-9600-31FD21EBC385}.Release|iPhone.ActiveCfg = Release|iPhone
		{B697E87D-6885-483F-9600-31FD21EBC385}.Release|iPhone.Build.0 = Release|iPhone
		{B697E87D-6885-483F-9600-31FD21EBC385}.Release|iPhoneSimulator.ActiveCfg = Release|iPhoneSimulator
		{B697E87D-6885-483F-9600-31FD21EBC385}.Release|iPhoneSimulator.Build.0 = Release|iPhoneSimulator
		{B697E87D-6885-483F-9600-31FD21EBC385}.Release|x86.ActiveCfg = Release|iPhone
		{F1686BD7-FF08-4135-BCD1-E72E3F91A351}.Ad-Hoc|Any CPU.ActiveCfg = Release|Any CPU
		{F1686BD7-FF08-4135-BCD1-E72E3F91A351}.Ad-Hoc|Any CPU.Build.0 = Release|Any CPU
		{F1686BD7-FF08-4135-BCD1-E72E3F91A351}.Ad-Hoc|Any CPU.Deploy.0 = Release|Any CPU
		{F1686BD7-FF08-4135-BCD1-E72E3F91A351}.Ad-Hoc|ARM.ActiveCfg = Release|Any CPU
		{F1686BD7-FF08-4135-BCD1-E72E3F91A351}.Ad-Hoc|ARM.Build.0 = Release|Any CPU
		{F1686BD7-FF08-4135-BCD1-E72E3F91A351}.Ad-Hoc|ARM.Deploy.0 = Release|Any CPU
		{F1686BD7-FF08-4135-BCD1-E72E3F91A351}.Ad-Hoc|iPhone.ActiveCfg = Release|Any CPU
		{F1686BD7-FF08-4135-BCD1-E72E3F91A351}.Ad-Hoc|iPhone.Build.0 = Release|Any CPU
		{F1686BD7-FF08-4135-BCD1-E72E3F91A351}.Ad-Hoc|iPhone.Deploy.0 = Release|Any CPU
		{F1686BD7-FF08-4135-BCD1-E72E3F91A351}.Ad-Hoc|iPhoneSimulator.ActiveCfg = Release|Any CPU
		{F1686BD7-FF08-4135-BCD1-E72E3F91A351}.Ad-Hoc|iPhoneSimulator.Build.0 = Release|Any CPU
		{F1686BD7-FF08-4135-BCD1-E72E3F91A351}.Ad-Hoc|iPhoneSimulator.Deploy.0 = Release|Any CPU
		{F1686BD7-FF08-4135-BCD1-E72E3F91A351}.Ad-Hoc|x86.ActiveCfg = Release|Any CPU
		{F1686BD7-FF08-4135-BCD1-E72E3F91A351}.Ad-Hoc|x86.Build.0 = Release|Any CPU
		{F1686BD7-FF08-4135-BCD1-E72E3F91A351}.Ad-Hoc|x86.Deploy.0 = Release|Any CPU
		{F1686BD7-FF08-4135-BCD1-E72E3F91A351}.AppStore|Any CPU.ActiveCfg = Release|Any CPU
		{F1686BD7-FF08-4135-BCD1-E72E3F91A351}.AppStore|Any CPU.Build.0 = Release|Any CPU
		{F1686BD7-FF08-4135-BCD1-E72E3F91A351}.AppStore|Any CPU.Deploy.0 = Release|Any CPU
		{F1686BD7-FF08-4135-BCD1-E72E3F91A351}.AppStore|ARM.ActiveCfg = Release|Any CPU
		{F1686BD7-FF08-4135-BCD1-E72E3F91A351}.AppStore|ARM.Build.0 = Release|Any CPU
		{F1686BD7-FF08-4135-BCD1-E72E3F91A351}.AppStore|ARM.Deploy.0 = Release|Any CPU
		{F1686BD7-FF08-4135-BCD1-E72E3F91A351}.AppStore|iPhone.ActiveCfg = Release|Any CPU
		{F1686BD7-FF08-4135-BCD1-E72E3F91A351}.AppStore|iPhone.Build.0 = Release|Any CPU
		{F1686BD7-FF08-4135-BCD1-E72E3F91A351}.AppStore|iPhone.Deploy.0 = Release|Any CPU
		{F1686BD7-FF08-4135-BCD1-E72E3F91A351}.AppStore|iPhoneSimulator.ActiveCfg = Release|Any CPU
		{F1686BD7-FF08-4135-BCD1-E72E3F91A351}.AppStore|iPhoneSimulator.Build.0 = Release|Any CPU
		{F1686BD7-FF08-4135-BCD1-E72E3F91A351}.AppStore|iPhoneSimulator.Deploy.0 = Release|Any CPU
		{F1686BD7-FF08-4135-BCD1-E72E3F91A351}.AppStore|x86.ActiveCfg = Release|Any CPU
		{F1686BD7-FF08-4135-BCD1-E72E3F91A351}.AppStore|x86.Build.0 = Release|Any CPU
		{F1686BD7-FF08-4135-BCD1-E72E3F91A351}.AppStore|x86.Deploy.0 = Release|Any CPU
		{F1686BD7-FF08-4135-BCD1-E72E3F91A351}.Debug|Any CPU.ActiveCfg = Debug|Any CPU
		{F1686BD7-FF08-4135-BCD1-E72E3F91A351}.Debug|Any CPU.Build.0 = Debug|Any CPU
		{F1686BD7-FF08-4135-BCD1-E72E3F91A351}.Debug|Any CPU.Deploy.0 = Debug|Any CPU
		{F1686BD7-FF08-4135-BCD1-E72E3F91A351}.Debug|ARM.ActiveCfg = Debug|Any CPU
		{F1686BD7-FF08-4135-BCD1-E72E3F91A351}.Debug|ARM.Build.0 = Debug|Any CPU
		{F1686BD7-FF08-4135-BCD1-E72E3F91A351}.Debug|ARM.Deploy.0 = Debug|Any CPU
		{F1686BD7-FF08-4135-BCD1-E72E3F91A351}.Debug|iPhone.ActiveCfg = Debug|Any CPU
		{F1686BD7-FF08-4135-BCD1-E72E3F91A351}.Debug|iPhone.Build.0 = Debug|Any CPU
		{F1686BD7-FF08-4135-BCD1-E72E3F91A351}.Debug|iPhone.Deploy.0 = Debug|Any CPU
		{F1686BD7-FF08-4135-BCD1-E72E3F91A351}.Debug|iPhoneSimulator.ActiveCfg = Debug|Any CPU
		{F1686BD7-FF08-4135-BCD1-E72E3F91A351}.Debug|iPhoneSimulator.Build.0 = Debug|Any CPU
		{F1686BD7-FF08-4135-BCD1-E72E3F91A351}.Debug|iPhoneSimulator.Deploy.0 = Debug|Any CPU
		{F1686BD7-FF08-4135-BCD1-E72E3F91A351}.Debug|x86.ActiveCfg = Debug|Any CPU
		{F1686BD7-FF08-4135-BCD1-E72E3F91A351}.Debug|x86.Build.0 = Debug|Any CPU
		{F1686BD7-FF08-4135-BCD1-E72E3F91A351}.Debug|x86.Deploy.0 = Debug|Any CPU
		{F1686BD7-FF08-4135-BCD1-E72E3F91A351}.Release|Any CPU.ActiveCfg = Release|Any CPU
		{F1686BD7-FF08-4135-BCD1-E72E3F91A351}.Release|Any CPU.Build.0 = Release|Any CPU
		{F1686BD7-FF08-4135-BCD1-E72E3F91A351}.Release|Any CPU.Deploy.0 = Release|Any CPU
		{F1686BD7-FF08-4135-BCD1-E72E3F91A351}.Release|ARM.ActiveCfg = Release|Any CPU
		{F1686BD7-FF08-4135-BCD1-E72E3F91A351}.Release|ARM.Build.0 = Release|Any CPU
		{F1686BD7-FF08-4135-BCD1-E72E3F91A351}.Release|ARM.Deploy.0 = Release|Any CPU
		{F1686BD7-FF08-4135-BCD1-E72E3F91A351}.Release|iPhone.ActiveCfg = Release|Any CPU
		{F1686BD7-FF08-4135-BCD1-E72E3F91A351}.Release|iPhone.Build.0 = Release|Any CPU
		{F1686BD7-FF08-4135-BCD1-E72E3F91A351}.Release|iPhone.Deploy.0 = Release|Any CPU
		{F1686BD7-FF08-4135-BCD1-E72E3F91A351}.Release|iPhoneSimulator.ActiveCfg = Release|Any CPU
		{F1686BD7-FF08-4135-BCD1-E72E3F91A351}.Release|iPhoneSimulator.Build.0 = Release|Any CPU
		{F1686BD7-FF08-4135-BCD1-E72E3F91A351}.Release|iPhoneSimulator.Deploy.0 = Release|Any CPU
		{F1686BD7-FF08-4135-BCD1-E72E3F91A351}.Release|x86.ActiveCfg = Release|Any CPU
		{F1686BD7-FF08-4135-BCD1-E72E3F91A351}.Release|x86.Build.0 = Release|Any CPU
		{F1686BD7-FF08-4135-BCD1-E72E3F91A351}.Release|x86.Deploy.0 = Release|Any CPU
		{75910653-B572-4141-8AA3-963EAC6422C6}.Ad-Hoc|Any CPU.ActiveCfg = Release|Any CPU
		{75910653-B572-4141-8AA3-963EAC6422C6}.Ad-Hoc|Any CPU.Build.0 = Release|Any CPU
		{75910653-B572-4141-8AA3-963EAC6422C6}.Ad-Hoc|Any CPU.Deploy.0 = Release|Any CPU
		{75910653-B572-4141-8AA3-963EAC6422C6}.Ad-Hoc|ARM.ActiveCfg = Release|ARM
		{75910653-B572-4141-8AA3-963EAC6422C6}.Ad-Hoc|ARM.Build.0 = Release|ARM
		{75910653-B572-4141-8AA3-963EAC6422C6}.Ad-Hoc|ARM.Deploy.0 = Release|ARM
		{75910653-B572-4141-8AA3-963EAC6422C6}.Ad-Hoc|iPhone.ActiveCfg = Release|Any CPU
		{75910653-B572-4141-8AA3-963EAC6422C6}.Ad-Hoc|iPhone.Build.0 = Release|Any CPU
		{75910653-B572-4141-8AA3-963EAC6422C6}.Ad-Hoc|iPhone.Deploy.0 = Release|Any CPU
		{75910653-B572-4141-8AA3-963EAC6422C6}.Ad-Hoc|iPhoneSimulator.ActiveCfg = Release|Any CPU
		{75910653-B572-4141-8AA3-963EAC6422C6}.Ad-Hoc|iPhoneSimulator.Build.0 = Release|Any CPU
		{75910653-B572-4141-8AA3-963EAC6422C6}.Ad-Hoc|iPhoneSimulator.Deploy.0 = Release|Any CPU
		{75910653-B572-4141-8AA3-963EAC6422C6}.Ad-Hoc|x86.ActiveCfg = Release|x86
		{75910653-B572-4141-8AA3-963EAC6422C6}.Ad-Hoc|x86.Build.0 = Release|x86
		{75910653-B572-4141-8AA3-963EAC6422C6}.Ad-Hoc|x86.Deploy.0 = Release|x86
		{75910653-B572-4141-8AA3-963EAC6422C6}.AppStore|Any CPU.ActiveCfg = Release|Any CPU
		{75910653-B572-4141-8AA3-963EAC6422C6}.AppStore|Any CPU.Build.0 = Release|Any CPU
		{75910653-B572-4141-8AA3-963EAC6422C6}.AppStore|Any CPU.Deploy.0 = Release|Any CPU
		{75910653-B572-4141-8AA3-963EAC6422C6}.AppStore|ARM.ActiveCfg = Release|ARM
		{75910653-B572-4141-8AA3-963EAC6422C6}.AppStore|ARM.Build.0 = Release|ARM
		{75910653-B572-4141-8AA3-963EAC6422C6}.AppStore|ARM.Deploy.0 = Release|ARM
		{75910653-B572-4141-8AA3-963EAC6422C6}.AppStore|iPhone.ActiveCfg = Release|Any CPU
		{75910653-B572-4141-8AA3-963EAC6422C6}.AppStore|iPhone.Build.0 = Release|Any CPU
		{75910653-B572-4141-8AA3-963EAC6422C6}.AppStore|iPhone.Deploy.0 = Release|Any CPU
		{75910653-B572-4141-8AA3-963EAC6422C6}.AppStore|iPhoneSimulator.ActiveCfg = Release|Any CPU
		{75910653-B572-4141-8AA3-963EAC6422C6}.AppStore|iPhoneSimulator.Build.0 = Release|Any CPU
		{75910653-B572-4141-8AA3-963EAC6422C6}.AppStore|iPhoneSimulator.Deploy.0 = Release|Any CPU
		{75910653-B572-4141-8AA3-963EAC6422C6}.AppStore|x86.ActiveCfg = Release|x86
		{75910653-B572-4141-8AA3-963EAC6422C6}.AppStore|x86.Build.0 = Release|x86
		{75910653-B572-4141-8AA3-963EAC6422C6}.AppStore|x86.Deploy.0 = Release|x86
		{75910653-B572-4141-8AA3-963EAC6422C6}.Debug|Any CPU.ActiveCfg = Debug|Any CPU
		{75910653-B572-4141-8AA3-963EAC6422C6}.Debug|Any CPU.Build.0 = Debug|Any CPU
		{75910653-B572-4141-8AA3-963EAC6422C6}.Debug|Any CPU.Deploy.0 = Debug|Any CPU
		{75910653-B572-4141-8AA3-963EAC6422C6}.Debug|ARM.ActiveCfg = Debug|ARM
		{75910653-B572-4141-8AA3-963EAC6422C6}.Debug|ARM.Build.0 = Debug|ARM
		{75910653-B572-4141-8AA3-963EAC6422C6}.Debug|ARM.Deploy.0 = Debug|ARM
		{75910653-B572-4141-8AA3-963EAC6422C6}.Debug|iPhone.ActiveCfg = Debug|Any CPU
		{75910653-B572-4141-8AA3-963EAC6422C6}.Debug|iPhone.Build.0 = Debug|Any CPU
		{75910653-B572-4141-8AA3-963EAC6422C6}.Debug|iPhone.Deploy.0 = Debug|Any CPU
		{75910653-B572-4141-8AA3-963EAC6422C6}.Debug|iPhoneSimulator.ActiveCfg = Debug|Any CPU
		{75910653-B572-4141-8AA3-963EAC6422C6}.Debug|iPhoneSimulator.Build.0 = Debug|Any CPU
		{75910653-B572-4141-8AA3-963EAC6422C6}.Debug|iPhoneSimulator.Deploy.0 = Debug|Any CPU
		{75910653-B572-4141-8AA3-963EAC6422C6}.Debug|x86.ActiveCfg = Debug|x86
		{75910653-B572-4141-8AA3-963EAC6422C6}.Debug|x86.Build.0 = Debug|x86
		{75910653-B572-4141-8AA3-963EAC6422C6}.Debug|x86.Deploy.0 = Debug|x86
		{75910653-B572-4141-8AA3-963EAC6422C6}.Release|Any CPU.ActiveCfg = Release|Any CPU
		{75910653-B572-4141-8AA3-963EAC6422C6}.Release|Any CPU.Build.0 = Release|Any CPU
		{75910653-B572-4141-8AA3-963EAC6422C6}.Release|Any CPU.Deploy.0 = Release|Any CPU
		{75910653-B572-4141-8AA3-963EAC6422C6}.Release|ARM.ActiveCfg = Release|ARM
		{75910653-B572-4141-8AA3-963EAC6422C6}.Release|ARM.Build.0 = Release|ARM
		{75910653-B572-4141-8AA3-963EAC6422C6}.Release|ARM.Deploy.0 = Release|ARM
		{75910653-B572-4141-8AA3-963EAC6422C6}.Release|iPhone.ActiveCfg = Release|Any CPU
		{75910653-B572-4141-8AA3-963EAC6422C6}.Release|iPhone.Build.0 = Release|Any CPU
		{75910653-B572-4141-8AA3-963EAC6422C6}.Release|iPhone.Deploy.0 = Release|Any CPU
		{75910653-B572-4141-8AA3-963EAC6422C6}.Release|iPhoneSimulator.ActiveCfg = Release|Any CPU
		{75910653-B572-4141-8AA3-963EAC6422C6}.Release|iPhoneSimulator.Build.0 = Release|Any CPU
		{75910653-B572-4141-8AA3-963EAC6422C6}.Release|iPhoneSimulator.Deploy.0 = Release|Any CPU
		{75910653-B572-4141-8AA3-963EAC6422C6}.Release|x86.ActiveCfg = Release|x86
		{75910653-B572-4141-8AA3-963EAC6422C6}.Release|x86.Build.0 = Release|x86
		{75910653-B572-4141-8AA3-963EAC6422C6}.Release|x86.Deploy.0 = Release|x86
		{6D63E733-2C26-4624-9B0E-7745F456DBA1}.Ad-Hoc|Any CPU.ActiveCfg = Release|Any CPU
		{6D63E733-2C26-4624-9B0E-7745F456DBA1}.Ad-Hoc|Any CPU.Build.0 = Release|Any CPU
		{6D63E733-2C26-4624-9B0E-7745F456DBA1}.Ad-Hoc|ARM.ActiveCfg = Release|Any CPU
		{6D63E733-2C26-4624-9B0E-7745F456DBA1}.Ad-Hoc|ARM.Build.0 = Release|Any CPU
		{6D63E733-2C26-4624-9B0E-7745F456DBA1}.Ad-Hoc|iPhone.ActiveCfg = Release|Any CPU
		{6D63E733-2C26-4624-9B0E-7745F456DBA1}.Ad-Hoc|iPhone.Build.0 = Release|Any CPU
		{6D63E733-2C26-4624-9B0E-7745F456DBA1}.Ad-Hoc|iPhoneSimulator.ActiveCfg = Release|Any CPU
		{6D63E733-2C26-4624-9B0E-7745F456DBA1}.Ad-Hoc|iPhoneSimulator.Build.0 = Release|Any CPU
		{6D63E733-2C26-4624-9B0E-7745F456DBA1}.Ad-Hoc|x86.ActiveCfg = Release|Any CPU
		{6D63E733-2C26-4624-9B0E-7745F456DBA1}.Ad-Hoc|x86.Build.0 = Release|Any CPU
		{6D63E733-2C26-4624-9B0E-7745F456DBA1}.AppStore|Any CPU.ActiveCfg = Release|Any CPU
		{6D63E733-2C26-4624-9B0E-7745F456DBA1}.AppStore|Any CPU.Build.0 = Release|Any CPU
		{6D63E733-2C26-4624-9B0E-7745F456DBA1}.AppStore|ARM.ActiveCfg = Release|Any CPU
		{6D63E733-2C26-4624-9B0E-7745F456DBA1}.AppStore|ARM.Build.0 = Release|Any CPU
		{6D63E733-2C26-4624-9B0E-7745F456DBA1}.AppStore|iPhone.ActiveCfg = Release|Any CPU
		{6D63E733-2C26-4624-9B0E-7745F456DBA1}.AppStore|iPhone.Build.0 = Release|Any CPU
		{6D63E733-2C26-4624-9B0E-7745F456DBA1}.AppStore|iPhoneSimulator.ActiveCfg = Release|Any CPU
		{6D63E733-2C26-4624-9B0E-7745F456DBA1}.AppStore|iPhoneSimulator.Build.0 = Release|Any CPU
		{6D63E733-2C26-4624-9B0E-7745F456DBA1}.AppStore|x86.ActiveCfg = Release|Any CPU
		{6D63E733-2C26-4624-9B0E-7745F456DBA1}.AppStore|x86.Build.0 = Release|Any CPU
		{6D63E733-2C26-4624-9B0E-7745F456DBA1}.Debug|Any CPU.ActiveCfg = Debug|Any CPU
		{6D63E733-2C26-4624-9B0E-7745F456DBA1}.Debug|Any CPU.Build.0 = Debug|Any CPU
		{6D63E733-2C26-4624-9B0E-7745F456DBA1}.Debug|ARM.ActiveCfg = Debug|Any CPU
		{6D63E733-2C26-4624-9B0E-7745F456DBA1}.Debug|ARM.Build.0 = Debug|Any CPU
		{6D63E733-2C26-4624-9B0E-7745F456DBA1}.Debug|iPhone.ActiveCfg = Debug|Any CPU
		{6D63E733-2C26-4624-9B0E-7745F456DBA1}.Debug|iPhone.Build.0 = Debug|Any CPU
		{6D63E733-2C26-4624-9B0E-7745F456DBA1}.Debug|iPhoneSimulator.ActiveCfg = Debug|Any CPU
		{6D63E733-2C26-4624-9B0E-7745F456DBA1}.Debug|iPhoneSimulator.Build.0 = Debug|Any CPU
		{6D63E733-2C26-4624-9B0E-7745F456DBA1}.Debug|x86.ActiveCfg = Debug|Any CPU
		{6D63E733-2C26-4624-9B0E-7745F456DBA1}.Debug|x86.Build.0 = Debug|Any CPU
		{6D63E733-2C26-4624-9B0E-7745F456DBA1}.Release|Any CPU.ActiveCfg = Release|Any CPU
		{6D63E733-2C26-4624-9B0E-7745F456DBA1}.Release|Any CPU.Build.0 = Release|Any CPU
		{6D63E733-2C26-4624-9B0E-7745F456DBA1}.Release|ARM.ActiveCfg = Release|Any CPU
		{6D63E733-2C26-4624-9B0E-7745F456DBA1}.Release|ARM.Build.0 = Release|Any CPU
		{6D63E733-2C26-4624-9B0E-7745F456DBA1}.Release|iPhone.ActiveCfg = Release|Any CPU
		{6D63E733-2C26-4624-9B0E-7745F456DBA1}.Release|iPhone.Build.0 = Release|Any CPU
		{6D63E733-2C26-4624-9B0E-7745F456DBA1}.Release|iPhoneSimulator.ActiveCfg = Release|Any CPU
		{6D63E733-2C26-4624-9B0E-7745F456DBA1}.Release|iPhoneSimulator.Build.0 = Release|Any CPU
		{6D63E733-2C26-4624-9B0E-7745F456DBA1}.Release|x86.ActiveCfg = Release|Any CPU
		{6D63E733-2C26-4624-9B0E-7745F456DBA1}.Release|x86.Build.0 = Release|Any CPU
		{B888E183-4E2B-4836-A6EA-2E67A60B9E54}.Ad-Hoc|Any CPU.ActiveCfg = Ad-Hoc|iPhone
		{B888E183-4E2B-4836-A6EA-2E67A60B9E54}.Ad-Hoc|ARM.ActiveCfg = Ad-Hoc|iPhone
		{B888E183-4E2B-4836-A6EA-2E67A60B9E54}.Ad-Hoc|iPhone.ActiveCfg = Ad-Hoc|iPhone
		{B888E183-4E2B-4836-A6EA-2E67A60B9E54}.Ad-Hoc|iPhone.Build.0 = Ad-Hoc|iPhone
		{B888E183-4E2B-4836-A6EA-2E67A60B9E54}.Ad-Hoc|iPhoneSimulator.ActiveCfg = Ad-Hoc|iPhoneSimulator
		{B888E183-4E2B-4836-A6EA-2E67A60B9E54}.Ad-Hoc|iPhoneSimulator.Build.0 = Ad-Hoc|iPhoneSimulator
		{B888E183-4E2B-4836-A6EA-2E67A60B9E54}.Ad-Hoc|x86.ActiveCfg = Ad-Hoc|iPhone
		{B888E183-4E2B-4836-A6EA-2E67A60B9E54}.AppStore|Any CPU.ActiveCfg = AppStore|iPhone
		{B888E183-4E2B-4836-A6EA-2E67A60B9E54}.AppStore|ARM.ActiveCfg = AppStore|iPhone
		{B888E183-4E2B-4836-A6EA-2E67A60B9E54}.AppStore|iPhone.ActiveCfg = AppStore|iPhone
		{B888E183-4E2B-4836-A6EA-2E67A60B9E54}.AppStore|iPhone.Build.0 = AppStore|iPhone
		{B888E183-4E2B-4836-A6EA-2E67A60B9E54}.AppStore|iPhoneSimulator.ActiveCfg = AppStore|iPhoneSimulator
		{B888E183-4E2B-4836-A6EA-2E67A60B9E54}.AppStore|iPhoneSimulator.Build.0 = AppStore|iPhoneSimulator
		{B888E183-4E2B-4836-A6EA-2E67A60B9E54}.AppStore|x86.ActiveCfg = AppStore|iPhone
		{B888E183-4E2B-4836-A6EA-2E67A60B9E54}.Debug|Any CPU.ActiveCfg = Debug|iPhone
		{B888E183-4E2B-4836-A6EA-2E67A60B9E54}.Debug|ARM.ActiveCfg = Debug|iPhone
		{B888E183-4E2B-4836-A6EA-2E67A60B9E54}.Debug|iPhone.ActiveCfg = Debug|iPhone
		{B888E183-4E2B-4836-A6EA-2E67A60B9E54}.Debug|iPhone.Build.0 = Debug|iPhone
		{B888E183-4E2B-4836-A6EA-2E67A60B9E54}.Debug|iPhoneSimulator.ActiveCfg = Debug|iPhoneSimulator
		{B888E183-4E2B-4836-A6EA-2E67A60B9E54}.Debug|iPhoneSimulator.Build.0 = Debug|iPhoneSimulator
		{B888E183-4E2B-4836-A6EA-2E67A60B9E54}.Debug|x86.ActiveCfg = Debug|iPhone
		{B888E183-4E2B-4836-A6EA-2E67A60B9E54}.Release|Any CPU.ActiveCfg = Release|iPhone
		{B888E183-4E2B-4836-A6EA-2E67A60B9E54}.Release|ARM.ActiveCfg = Release|iPhone
		{B888E183-4E2B-4836-A6EA-2E67A60B9E54}.Release|iPhone.ActiveCfg = Release|iPhone
		{B888E183-4E2B-4836-A6EA-2E67A60B9E54}.Release|iPhone.Build.0 = Release|iPhone
		{B888E183-4E2B-4836-A6EA-2E67A60B9E54}.Release|iPhoneSimulator.ActiveCfg = Release|iPhoneSimulator
		{B888E183-4E2B-4836-A6EA-2E67A60B9E54}.Release|iPhoneSimulator.Build.0 = Release|iPhoneSimulator
		{B888E183-4E2B-4836-A6EA-2E67A60B9E54}.Release|x86.ActiveCfg = Release|iPhone
		{0A7EE12D-8273-4DE4-9222-5AE68A68229A}.Ad-Hoc|Any CPU.ActiveCfg = Release|Any CPU
		{0A7EE12D-8273-4DE4-9222-5AE68A68229A}.Ad-Hoc|Any CPU.Build.0 = Release|Any CPU
		{0A7EE12D-8273-4DE4-9222-5AE68A68229A}.Ad-Hoc|Any CPU.Deploy.0 = Release|Any CPU
		{0A7EE12D-8273-4DE4-9222-5AE68A68229A}.Ad-Hoc|ARM.ActiveCfg = Release|Any CPU
		{0A7EE12D-8273-4DE4-9222-5AE68A68229A}.Ad-Hoc|ARM.Build.0 = Release|Any CPU
		{0A7EE12D-8273-4DE4-9222-5AE68A68229A}.Ad-Hoc|ARM.Deploy.0 = Release|Any CPU
		{0A7EE12D-8273-4DE4-9222-5AE68A68229A}.Ad-Hoc|iPhone.ActiveCfg = Release|Any CPU
		{0A7EE12D-8273-4DE4-9222-5AE68A68229A}.Ad-Hoc|iPhone.Build.0 = Release|Any CPU
		{0A7EE12D-8273-4DE4-9222-5AE68A68229A}.Ad-Hoc|iPhone.Deploy.0 = Release|Any CPU
		{0A7EE12D-8273-4DE4-9222-5AE68A68229A}.Ad-Hoc|iPhoneSimulator.ActiveCfg = Release|Any CPU
		{0A7EE12D-8273-4DE4-9222-5AE68A68229A}.Ad-Hoc|iPhoneSimulator.Build.0 = Release|Any CPU
		{0A7EE12D-8273-4DE4-9222-5AE68A68229A}.Ad-Hoc|iPhoneSimulator.Deploy.0 = Release|Any CPU
		{0A7EE12D-8273-4DE4-9222-5AE68A68229A}.Ad-Hoc|x86.ActiveCfg = Release|Any CPU
		{0A7EE12D-8273-4DE4-9222-5AE68A68229A}.Ad-Hoc|x86.Build.0 = Release|Any CPU
		{0A7EE12D-8273-4DE4-9222-5AE68A68229A}.Ad-Hoc|x86.Deploy.0 = Release|Any CPU
		{0A7EE12D-8273-4DE4-9222-5AE68A68229A}.AppStore|Any CPU.ActiveCfg = Release|Any CPU
		{0A7EE12D-8273-4DE4-9222-5AE68A68229A}.AppStore|Any CPU.Build.0 = Release|Any CPU
		{0A7EE12D-8273-4DE4-9222-5AE68A68229A}.AppStore|Any CPU.Deploy.0 = Release|Any CPU
		{0A7EE12D-8273-4DE4-9222-5AE68A68229A}.AppStore|ARM.ActiveCfg = Release|Any CPU
		{0A7EE12D-8273-4DE4-9222-5AE68A68229A}.AppStore|ARM.Build.0 = Release|Any CPU
		{0A7EE12D-8273-4DE4-9222-5AE68A68229A}.AppStore|ARM.Deploy.0 = Release|Any CPU
		{0A7EE12D-8273-4DE4-9222-5AE68A68229A}.AppStore|iPhone.ActiveCfg = Release|Any CPU
		{0A7EE12D-8273-4DE4-9222-5AE68A68229A}.AppStore|iPhone.Build.0 = Release|Any CPU
		{0A7EE12D-8273-4DE4-9222-5AE68A68229A}.AppStore|iPhone.Deploy.0 = Release|Any CPU
		{0A7EE12D-8273-4DE4-9222-5AE68A68229A}.AppStore|iPhoneSimulator.ActiveCfg = Release|Any CPU
		{0A7EE12D-8273-4DE4-9222-5AE68A68229A}.AppStore|iPhoneSimulator.Build.0 = Release|Any CPU
		{0A7EE12D-8273-4DE4-9222-5AE68A68229A}.AppStore|iPhoneSimulator.Deploy.0 = Release|Any CPU
		{0A7EE12D-8273-4DE4-9222-5AE68A68229A}.AppStore|x86.ActiveCfg = Release|Any CPU
		{0A7EE12D-8273-4DE4-9222-5AE68A68229A}.AppStore|x86.Build.0 = Release|Any CPU
		{0A7EE12D-8273-4DE4-9222-5AE68A68229A}.AppStore|x86.Deploy.0 = Release|Any CPU
		{0A7EE12D-8273-4DE4-9222-5AE68A68229A}.Debug|Any CPU.ActiveCfg = Debug|Any CPU
		{0A7EE12D-8273-4DE4-9222-5AE68A68229A}.Debug|Any CPU.Build.0 = Debug|Any CPU
		{0A7EE12D-8273-4DE4-9222-5AE68A68229A}.Debug|Any CPU.Deploy.0 = Debug|Any CPU
		{0A7EE12D-8273-4DE4-9222-5AE68A68229A}.Debug|ARM.ActiveCfg = Debug|Any CPU
		{0A7EE12D-8273-4DE4-9222-5AE68A68229A}.Debug|ARM.Build.0 = Debug|Any CPU
		{0A7EE12D-8273-4DE4-9222-5AE68A68229A}.Debug|ARM.Deploy.0 = Debug|Any CPU
		{0A7EE12D-8273-4DE4-9222-5AE68A68229A}.Debug|iPhone.ActiveCfg = Debug|Any CPU
		{0A7EE12D-8273-4DE4-9222-5AE68A68229A}.Debug|iPhone.Build.0 = Debug|Any CPU
		{0A7EE12D-8273-4DE4-9222-5AE68A68229A}.Debug|iPhone.Deploy.0 = Debug|Any CPU
		{0A7EE12D-8273-4DE4-9222-5AE68A68229A}.Debug|iPhoneSimulator.ActiveCfg = Debug|Any CPU
		{0A7EE12D-8273-4DE4-9222-5AE68A68229A}.Debug|iPhoneSimulator.Build.0 = Debug|Any CPU
		{0A7EE12D-8273-4DE4-9222-5AE68A68229A}.Debug|iPhoneSimulator.Deploy.0 = Debug|Any CPU
		{0A7EE12D-8273-4DE4-9222-5AE68A68229A}.Debug|x86.ActiveCfg = Debug|Any CPU
		{0A7EE12D-8273-4DE4-9222-5AE68A68229A}.Debug|x86.Build.0 = Debug|Any CPU
		{0A7EE12D-8273-4DE4-9222-5AE68A68229A}.Debug|x86.Deploy.0 = Debug|Any CPU
		{0A7EE12D-8273-4DE4-9222-5AE68A68229A}.Release|Any CPU.ActiveCfg = Release|Any CPU
		{0A7EE12D-8273-4DE4-9222-5AE68A68229A}.Release|Any CPU.Build.0 = Release|Any CPU
		{0A7EE12D-8273-4DE4-9222-5AE68A68229A}.Release|Any CPU.Deploy.0 = Release|Any CPU
		{0A7EE12D-8273-4DE4-9222-5AE68A68229A}.Release|ARM.ActiveCfg = Release|Any CPU
		{0A7EE12D-8273-4DE4-9222-5AE68A68229A}.Release|ARM.Build.0 = Release|Any CPU
		{0A7EE12D-8273-4DE4-9222-5AE68A68229A}.Release|ARM.Deploy.0 = Release|Any CPU
		{0A7EE12D-8273-4DE4-9222-5AE68A68229A}.Release|iPhone.ActiveCfg = Release|Any CPU
		{0A7EE12D-8273-4DE4-9222-5AE68A68229A}.Release|iPhone.Build.0 = Release|Any CPU
		{0A7EE12D-8273-4DE4-9222-5AE68A68229A}.Release|iPhone.Deploy.0 = Release|Any CPU
		{0A7EE12D-8273-4DE4-9222-5AE68A68229A}.Release|iPhoneSimulator.ActiveCfg = Release|Any CPU
		{0A7EE12D-8273-4DE4-9222-5AE68A68229A}.Release|iPhoneSimulator.Build.0 = Release|Any CPU
		{0A7EE12D-8273-4DE4-9222-5AE68A68229A}.Release|iPhoneSimulator.Deploy.0 = Release|Any CPU
		{0A7EE12D-8273-4DE4-9222-5AE68A68229A}.Release|x86.ActiveCfg = Release|Any CPU
		{0A7EE12D-8273-4DE4-9222-5AE68A68229A}.Release|x86.Build.0 = Release|Any CPU
		{0A7EE12D-8273-4DE4-9222-5AE68A68229A}.Release|x86.Deploy.0 = Release|Any CPU
		{B108AE5A-B9AC-4A94-96D5-FF894130DA0C}.Ad-Hoc|Any CPU.ActiveCfg = Release|Any CPU
		{B108AE5A-B9AC-4A94-96D5-FF894130DA0C}.Ad-Hoc|Any CPU.Build.0 = Release|Any CPU
		{B108AE5A-B9AC-4A94-96D5-FF894130DA0C}.Ad-Hoc|Any CPU.Deploy.0 = Release|Any CPU
		{B108AE5A-B9AC-4A94-96D5-FF894130DA0C}.Ad-Hoc|ARM.ActiveCfg = Release|ARM
		{B108AE5A-B9AC-4A94-96D5-FF894130DA0C}.Ad-Hoc|ARM.Build.0 = Release|ARM
		{B108AE5A-B9AC-4A94-96D5-FF894130DA0C}.Ad-Hoc|ARM.Deploy.0 = Release|ARM
		{B108AE5A-B9AC-4A94-96D5-FF894130DA0C}.Ad-Hoc|iPhone.ActiveCfg = Release|Any CPU
		{B108AE5A-B9AC-4A94-96D5-FF894130DA0C}.Ad-Hoc|iPhone.Build.0 = Release|Any CPU
		{B108AE5A-B9AC-4A94-96D5-FF894130DA0C}.Ad-Hoc|iPhone.Deploy.0 = Release|Any CPU
		{B108AE5A-B9AC-4A94-96D5-FF894130DA0C}.Ad-Hoc|iPhoneSimulator.ActiveCfg = Release|Any CPU
		{B108AE5A-B9AC-4A94-96D5-FF894130DA0C}.Ad-Hoc|iPhoneSimulator.Build.0 = Release|Any CPU
		{B108AE5A-B9AC-4A94-96D5-FF894130DA0C}.Ad-Hoc|iPhoneSimulator.Deploy.0 = Release|Any CPU
		{B108AE5A-B9AC-4A94-96D5-FF894130DA0C}.Ad-Hoc|x86.ActiveCfg = Release|x86
		{B108AE5A-B9AC-4A94-96D5-FF894130DA0C}.Ad-Hoc|x86.Build.0 = Release|x86
		{B108AE5A-B9AC-4A94-96D5-FF894130DA0C}.Ad-Hoc|x86.Deploy.0 = Release|x86
		{B108AE5A-B9AC-4A94-96D5-FF894130DA0C}.AppStore|Any CPU.ActiveCfg = Release|Any CPU
		{B108AE5A-B9AC-4A94-96D5-FF894130DA0C}.AppStore|Any CPU.Build.0 = Release|Any CPU
		{B108AE5A-B9AC-4A94-96D5-FF894130DA0C}.AppStore|Any CPU.Deploy.0 = Release|Any CPU
		{B108AE5A-B9AC-4A94-96D5-FF894130DA0C}.AppStore|ARM.ActiveCfg = Release|ARM
		{B108AE5A-B9AC-4A94-96D5-FF894130DA0C}.AppStore|ARM.Build.0 = Release|ARM
		{B108AE5A-B9AC-4A94-96D5-FF894130DA0C}.AppStore|ARM.Deploy.0 = Release|ARM
		{B108AE5A-B9AC-4A94-96D5-FF894130DA0C}.AppStore|iPhone.ActiveCfg = Release|Any CPU
		{B108AE5A-B9AC-4A94-96D5-FF894130DA0C}.AppStore|iPhone.Build.0 = Release|Any CPU
		{B108AE5A-B9AC-4A94-96D5-FF894130DA0C}.AppStore|iPhone.Deploy.0 = Release|Any CPU
		{B108AE5A-B9AC-4A94-96D5-FF894130DA0C}.AppStore|iPhoneSimulator.ActiveCfg = Release|Any CPU
		{B108AE5A-B9AC-4A94-96D5-FF894130DA0C}.AppStore|iPhoneSimulator.Build.0 = Release|Any CPU
		{B108AE5A-B9AC-4A94-96D5-FF894130DA0C}.AppStore|iPhoneSimulator.Deploy.0 = Release|Any CPU
		{B108AE5A-B9AC-4A94-96D5-FF894130DA0C}.AppStore|x86.ActiveCfg = Release|x86
		{B108AE5A-B9AC-4A94-96D5-FF894130DA0C}.AppStore|x86.Build.0 = Release|x86
		{B108AE5A-B9AC-4A94-96D5-FF894130DA0C}.AppStore|x86.Deploy.0 = Release|x86
		{B108AE5A-B9AC-4A94-96D5-FF894130DA0C}.Debug|Any CPU.ActiveCfg = Debug|Any CPU
		{B108AE5A-B9AC-4A94-96D5-FF894130DA0C}.Debug|Any CPU.Build.0 = Debug|Any CPU
		{B108AE5A-B9AC-4A94-96D5-FF894130DA0C}.Debug|Any CPU.Deploy.0 = Debug|Any CPU
		{B108AE5A-B9AC-4A94-96D5-FF894130DA0C}.Debug|ARM.ActiveCfg = Debug|ARM
		{B108AE5A-B9AC-4A94-96D5-FF894130DA0C}.Debug|ARM.Build.0 = Debug|ARM
		{B108AE5A-B9AC-4A94-96D5-FF894130DA0C}.Debug|ARM.Deploy.0 = Debug|ARM
		{B108AE5A-B9AC-4A94-96D5-FF894130DA0C}.Debug|iPhone.ActiveCfg = Debug|Any CPU
		{B108AE5A-B9AC-4A94-96D5-FF894130DA0C}.Debug|iPhone.Build.0 = Debug|Any CPU
		{B108AE5A-B9AC-4A94-96D5-FF894130DA0C}.Debug|iPhone.Deploy.0 = Debug|Any CPU
		{B108AE5A-B9AC-4A94-96D5-FF894130DA0C}.Debug|iPhoneSimulator.ActiveCfg = Debug|Any CPU
		{B108AE5A-B9AC-4A94-96D5-FF894130DA0C}.Debug|iPhoneSimulator.Build.0 = Debug|Any CPU
		{B108AE5A-B9AC-4A94-96D5-FF894130DA0C}.Debug|iPhoneSimulator.Deploy.0 = Debug|Any CPU
		{B108AE5A-B9AC-4A94-96D5-FF894130DA0C}.Debug|x86.ActiveCfg = Debug|x86
		{B108AE5A-B9AC-4A94-96D5-FF894130DA0C}.Debug|x86.Build.0 = Debug|x86
		{B108AE5A-B9AC-4A94-96D5-FF894130DA0C}.Debug|x86.Deploy.0 = Debug|x86
		{B108AE5A-B9AC-4A94-96D5-FF894130DA0C}.Release|Any CPU.ActiveCfg = Release|Any CPU
		{B108AE5A-B9AC-4A94-96D5-FF894130DA0C}.Release|Any CPU.Build.0 = Release|Any CPU
		{B108AE5A-B9AC-4A94-96D5-FF894130DA0C}.Release|Any CPU.Deploy.0 = Release|Any CPU
		{B108AE5A-B9AC-4A94-96D5-FF894130DA0C}.Release|ARM.ActiveCfg = Release|ARM
		{B108AE5A-B9AC-4A94-96D5-FF894130DA0C}.Release|ARM.Build.0 = Release|ARM
		{B108AE5A-B9AC-4A94-96D5-FF894130DA0C}.Release|ARM.Deploy.0 = Release|ARM
		{B108AE5A-B9AC-4A94-96D5-FF894130DA0C}.Release|iPhone.ActiveCfg = Release|Any CPU
		{B108AE5A-B9AC-4A94-96D5-FF894130DA0C}.Release|iPhone.Build.0 = Release|Any CPU
		{B108AE5A-B9AC-4A94-96D5-FF894130DA0C}.Release|iPhone.Deploy.0 = Release|Any CPU
		{B108AE5A-B9AC-4A94-96D5-FF894130DA0C}.Release|iPhoneSimulator.ActiveCfg = Release|Any CPU
		{B108AE5A-B9AC-4A94-96D5-FF894130DA0C}.Release|iPhoneSimulator.Build.0 = Release|Any CPU
		{B108AE5A-B9AC-4A94-96D5-FF894130DA0C}.Release|iPhoneSimulator.Deploy.0 = Release|Any CPU
		{B108AE5A-B9AC-4A94-96D5-FF894130DA0C}.Release|x86.ActiveCfg = Release|x86
		{B108AE5A-B9AC-4A94-96D5-FF894130DA0C}.Release|x86.Build.0 = Release|x86
		{B108AE5A-B9AC-4A94-96D5-FF894130DA0C}.Release|x86.Deploy.0 = Release|x86
	EndGlobalSection
	GlobalSection(SolutionProperties) = preSolution
		HideSolutionNode = FALSE
	EndGlobalSection
	GlobalSection(NestedProjects) = preSolution
		{808F80E5-251F-456E-97B7-AE3BD18B683B} = {7B618C7F-95A8-4820-B227-CF73F7A56B8A}
		{19401965-DA83-46EF-AE0A-AEB7EA92401C} = {7B618C7F-95A8-4820-B227-CF73F7A56B8A}
		{FD3A5059-87CA-474A-A97A-DCF918DDEF9A} = {7B618C7F-95A8-4820-B227-CF73F7A56B8A}
		{BBC7F4BE-AB45-416C-B666-BB7AA825218E} = {7B618C7F-95A8-4820-B227-CF73F7A56B8A}
		{7D4EE940-FA61-46F9-8FB3-863E5819A244} = {4307CAC7-E011-437C-B698-A9EE6CD0018C}
		{B82AFC61-715E-49B3-AF34-D9CA3B2C18D3} = {4307CAC7-E011-437C-B698-A9EE6CD0018C}
		{5E010223-CF48-4BC9-BB76-8B1F4471D10B} = {4307CAC7-E011-437C-B698-A9EE6CD0018C}
		{EA8243DB-0AC4-4A14-87F8-4BDE005FAF9E} = {4307CAC7-E011-437C-B698-A9EE6CD0018C}
		{85A5211A-EB90-4B7D-89E9-A04A7EDB0360} = {AB19746E-8271-45DD-A567-6E55B7C79E39}
		{B697E87D-6885-483F-9600-31FD21EBC385} = {AB19746E-8271-45DD-A567-6E55B7C79E39}
		{F1686BD7-FF08-4135-BCD1-E72E3F91A351} = {AB19746E-8271-45DD-A567-6E55B7C79E39}
		{75910653-B572-4141-8AA3-963EAC6422C6} = {AB19746E-8271-45DD-A567-6E55B7C79E39}
		{6D63E733-2C26-4624-9B0E-7745F456DBA1} = {56DEF1C5-BD00-4B48-B5FC-0EEE08B2228C}
		{B888E183-4E2B-4836-A6EA-2E67A60B9E54} = {56DEF1C5-BD00-4B48-B5FC-0EEE08B2228C}
		{0A7EE12D-8273-4DE4-9222-5AE68A68229A} = {56DEF1C5-BD00-4B48-B5FC-0EEE08B2228C}
		{B108AE5A-B9AC-4A94-96D5-FF894130DA0C} = {56DEF1C5-BD00-4B48-B5FC-0EEE08B2228C}
	EndGlobalSection
EndGlobal
